// !$*UTF8*$!
{
	archiveVersion = 1;
	classes = {
	};
	objectVersion = 51;
	objects = {

/* Begin PBXBuildFile section */
		0026B28E24616E5E00791264 /* MKScanSearchView.m in Sources */ = {isa = PBXBuildFile; fileRef = 0026B28B24616E5E00791264 /* MKScanSearchView.m */; };
		0026B28F24616E5E00791264 /* MKScanSearchButton.m in Sources */ = {isa = PBXBuildFile; fileRef = 0026B28D24616E5E00791264 /* MKScanSearchButton.m */; };
		0026B29224616E9C00791264 /* MKScanPageController.m in Sources */ = {isa = PBXBuildFile; fileRef = 0026B29124616E9C00791264 /* MKScanPageController.m */; };
		00520BA924624ED3003BF540 /* scanRefresh@2x.png in Resources */ = {isa = PBXBuildFile; fileRef = 00520BA524624ED3003BF540 /* scanRefresh@2x.png */; };
		00520BAA24624ED3003BF540 /* scanRefresh@3x.png in Resources */ = {isa = PBXBuildFile; fileRef = 00520BA624624ED3003BF540 /* scanRefresh@3x.png */; };
		00520BAB24624ED3003BF540 /* scanRightAboutIcon@3x.png in Resources */ = {isa = PBXBuildFile; fileRef = 00520BA724624ED3003BF540 /* scanRightAboutIcon@3x.png */; };
		00520BAC24624ED3003BF540 /* scanRightAboutIcon@2x.png in Resources */ = {isa = PBXBuildFile; fileRef = 00520BA824624ED3003BF540 /* scanRightAboutIcon@2x.png */; };
		00520BAF246254ED003BF540 /* MKLifeBLEDeviceModel.m in Sources */ = {isa = PBXBuildFile; fileRef = 00520BAE246254ED003BF540 /* MKLifeBLEDeviceModel.m */; };
		00520BB22462607B003BF540 /* MKLifeBLEAdopter.m in Sources */ = {isa = PBXBuildFile; fileRef = 00520BB12462607B003BF540 /* MKLifeBLEAdopter.m */; };
		00520BB824626B76003BF540 /* MKLifeBLEDeviceModel+MKScanPage.m in Sources */ = {isa = PBXBuildFile; fileRef = 00520BB724626B76003BF540 /* MKLifeBLEDeviceModel+MKScanPage.m */; };
		00520BBB24628C2A003BF540 /* MKScanPageCell.m in Sources */ = {isa = PBXBuildFile; fileRef = 00520BBA24628C2A003BF540 /* MKScanPageCell.m */; };
		0056606D246FA5B6008A9574 /* MKConfigDeviceDateModel.m in Sources */ = {isa = PBXBuildFile; fileRef = 0056606C246FA5B6008A9574 /* MKConfigDeviceDateModel.m */; };
		00566074246FA7A6008A9574 /* MKUpdateCheckController.m in Sources */ = {isa = PBXBuildFile; fileRef = 00566073246FA7A6008A9574 /* MKUpdateCheckController.m */; };
		00566077246FAAFC008A9574 /* firmware_select_fileIcon@3x.png in Resources */ = {isa = PBXBuildFile; fileRef = 00566075246FAAFC008A9574 /* firmware_select_fileIcon@3x.png */; };
		00566078246FAAFC008A9574 /* firmware_select_fileIcon@2x.png in Resources */ = {isa = PBXBuildFile; fileRef = 00566076246FAAFC008A9574 /* firmware_select_fileIcon@2x.png */; };
		0056607B246FAE71008A9574 /* MKUpdateController.m in Sources */ = {isa = PBXBuildFile; fileRef = 00566079246FAE71008A9574 /* MKUpdateController.m */; };
		00566080246FAE7D008A9574 /* MKDFUAdopter.m in Sources */ = {isa = PBXBuildFile; fileRef = 0056607C246FAE7D008A9574 /* MKDFUAdopter.m */; };
		00566081246FAE7D008A9574 /* MKDFUModel.m in Sources */ = {isa = PBXBuildFile; fileRef = 0056607D246FAE7D008A9574 /* MKDFUModel.m */; };
		00566085246FAE86008A9574 /* MKFileManager.m in Sources */ = {isa = PBXBuildFile; fileRef = 00566084246FAE86008A9574 /* MKFileManager.m */; };
		0059BCD0246B85BE00E969AE /* MKSettingPageCell.m in Sources */ = {isa = PBXBuildFile; fileRef = 0059BCCF246B85BE00E969AE /* MKSettingPageCell.m */; };
		0059BCD3246B91E900E969AE /* MKSettingPageCellModel.m in Sources */ = {isa = PBXBuildFile; fileRef = 0059BCD2246B91E900E969AE /* MKSettingPageCellModel.m */; };
		0059BCD6246B973A00E969AE /* MKSettingButtonCell.m in Sources */ = {isa = PBXBuildFile; fileRef = 0059BCD5246B973A00E969AE /* MKSettingButtonCell.m */; };
		0059BCD9246B9DBF00E969AE /* goto_next_button@3x.png in Resources */ = {isa = PBXBuildFile; fileRef = 0059BCD7246B9DBF00E969AE /* goto_next_button@3x.png */; };
		0059BCDA246B9DBF00E969AE /* goto_next_button@2x.png in Resources */ = {isa = PBXBuildFile; fileRef = 0059BCD8246B9DBF00E969AE /* goto_next_button@2x.png */; };
		0059BCE1246BA05700E969AE /* MKDeviceInfoController.m in Sources */ = {isa = PBXBuildFile; fileRef = 0059BCE0246BA05700E969AE /* MKDeviceInfoController.m */; };
		0059BCE4246BA79900E969AE /* detailIcon@2x.png in Resources */ = {isa = PBXBuildFile; fileRef = 0059BCE2246BA79900E969AE /* detailIcon@2x.png */; };
		0059BCE5246BA79900E969AE /* detailIcon@3x.png in Resources */ = {isa = PBXBuildFile; fileRef = 0059BCE3246BA79900E969AE /* detailIcon@3x.png */; };
		0059BCE8246BC52500E969AE /* MKModifyNormalDatasController.m in Sources */ = {isa = PBXBuildFile; fileRef = 0059BCE7246BC52500E969AE /* MKModifyNormalDatasController.m */; };
		0059BCEB246BCDB300E969AE /* MKModifyPowerStatusController.m in Sources */ = {isa = PBXBuildFile; fileRef = 0059BCEA246BCDB300E969AE /* MKModifyPowerStatusController.m */; };
		0059BCF1246BCEB500E969AE /* modifyPowerOnSelectedIcon@3x.png in Resources */ = {isa = PBXBuildFile; fileRef = 0059BCED246BCEB500E969AE /* modifyPowerOnSelectedIcon@3x.png */; };
		0059BCF2246BCEB500E969AE /* modifyPowerOnSelectedIcon@2x.png in Resources */ = {isa = PBXBuildFile; fileRef = 0059BCEE246BCEB500E969AE /* modifyPowerOnSelectedIcon@2x.png */; };
		0059BCF3246BCEB500E969AE /* modifyPowerOnUnselectedIcon@2x.png in Resources */ = {isa = PBXBuildFile; fileRef = 0059BCEF246BCEB500E969AE /* modifyPowerOnUnselectedIcon@2x.png */; };
		0059BCF4246BCEB500E969AE /* modifyPowerOnUnselectedIcon@3x.png in Resources */ = {isa = PBXBuildFile; fileRef = 0059BCF0246BCEB500E969AE /* modifyPowerOnUnselectedIcon@3x.png */; };
		0059BCF7246BD25A00E969AE /* MKModifyPowerStatusCell.m in Sources */ = {isa = PBXBuildFile; fileRef = 0059BCF6246BD25A00E969AE /* MKModifyPowerStatusCell.m */; };
		0059BCFA246BD44B00E969AE /* MKModifyPowerStatusCellModel.m in Sources */ = {isa = PBXBuildFile; fileRef = 0059BCF9246BD44B00E969AE /* MKModifyPowerStatusCellModel.m */; };
		0059BCFD246BDD7B00E969AE /* MKSettingDatasModel.m in Sources */ = {isa = PBXBuildFile; fileRef = 0059BCFC246BDD7B00E969AE /* MKSettingDatasModel.m */; };
		005A54AD2468DFBA00C8F1D1 /* about_telIcon@2x.png in Resources */ = {isa = PBXBuildFile; fileRef = 005A54A32468DFBA00C8F1D1 /* about_telIcon@2x.png */; };
		005A54AE2468DFBA00C8F1D1 /* about_telIcon@3x.png in Resources */ = {isa = PBXBuildFile; fileRef = 005A54A42468DFBA00C8F1D1 /* about_telIcon@3x.png */; };
		005A54AF2468DFBA00C8F1D1 /* about_shouceIcon@2x.png in Resources */ = {isa = PBXBuildFile; fileRef = 005A54A52468DFBA00C8F1D1 /* about_shouceIcon@2x.png */; };
		005A54B02468DFBA00C8F1D1 /* about_addIcon@3x.png in Resources */ = {isa = PBXBuildFile; fileRef = 005A54A62468DFBA00C8F1D1 /* about_addIcon@3x.png */; };
		005A54B12468DFBA00C8F1D1 /* about_addIcon@2x.png in Resources */ = {isa = PBXBuildFile; fileRef = 005A54A72468DFBA00C8F1D1 /* about_addIcon@2x.png */; };
		005A54B22468DFBA00C8F1D1 /* about_shouceIcon@3x.png in Resources */ = {isa = PBXBuildFile; fileRef = 005A54A82468DFBA00C8F1D1 /* about_shouceIcon@3x.png */; };
		005A54B32468DFBA00C8F1D1 /* aboutIcon@2x.png in Resources */ = {isa = PBXBuildFile; fileRef = 005A54A92468DFBA00C8F1D1 /* aboutIcon@2x.png */; };
		005A54B42468DFBA00C8F1D1 /* about_faxIcon@2x.png in Resources */ = {isa = PBXBuildFile; fileRef = 005A54AA2468DFBA00C8F1D1 /* about_faxIcon@2x.png */; };
		005A54B52468DFBA00C8F1D1 /* about_faxIcon@3x.png in Resources */ = {isa = PBXBuildFile; fileRef = 005A54AB2468DFBA00C8F1D1 /* about_faxIcon@3x.png */; };
		005A54B62468DFBA00C8F1D1 /* aboutIcon@3x.png in Resources */ = {isa = PBXBuildFile; fileRef = 005A54AC2468DFBA00C8F1D1 /* aboutIcon@3x.png */; };
		005A54B92468E90900C8F1D1 /* MKLifeBLEPeripheral.m in Sources */ = {isa = PBXBuildFile; fileRef = 005A54B82468E90900C8F1D1 /* MKLifeBLEPeripheral.m */; };
		005A54BC2468EA5200C8F1D1 /* CBPeripheral+MKLifeBLEAdd.m in Sources */ = {isa = PBXBuildFile; fileRef = 005A54BB2468EA5200C8F1D1 /* CBPeripheral+MKLifeBLEAdd.m */; };
		005A54D02468F0DA00C8F1D1 /* MKPowerController.m in Sources */ = {isa = PBXBuildFile; fileRef = 005A54CF2468F0DA00C8F1D1 /* MKPowerController.m */; };
		005A54D32468F16F00C8F1D1 /* MKEnergyController.m in Sources */ = {isa = PBXBuildFile; fileRef = 005A54D22468F16F00C8F1D1 /* MKEnergyController.m */; };
		005A54D62468F1AF00C8F1D1 /* MKSettingController.m in Sources */ = {isa = PBXBuildFile; fileRef = 005A54D52468F1AF00C8F1D1 /* MKSettingController.m */; };
		005A54D92468F22C00C8F1D1 /* MKTimerController.m in Sources */ = {isa = PBXBuildFile; fileRef = 005A54D82468F22C00C8F1D1 /* MKTimerController.m */; };
		005A54DC2468F2F400C8F1D1 /* MKTabBarController.m in Sources */ = {isa = PBXBuildFile; fileRef = 005A54DB2468F2F400C8F1D1 /* MKTabBarController.m */; };
		005A54EE2468F8F100C8F1D1 /* settingTabBarItemUnselected@2x.png in Resources */ = {isa = PBXBuildFile; fileRef = 005A54DE2468F8F100C8F1D1 /* settingTabBarItemUnselected@2x.png */; };
		005A54EF2468F8F100C8F1D1 /* settingTabBarItemUnselected@3x.png in Resources */ = {isa = PBXBuildFile; fileRef = 005A54DF2468F8F100C8F1D1 /* settingTabBarItemUnselected@3x.png */; };
		005A54F02468F8F100C8F1D1 /* powerTabBarItemUnselected@2x.png in Resources */ = {isa = PBXBuildFile; fileRef = 005A54E02468F8F100C8F1D1 /* powerTabBarItemUnselected@2x.png */; };
		005A54F12468F8F100C8F1D1 /* powerTabBarItemUnselected@3x.png in Resources */ = {isa = PBXBuildFile; fileRef = 005A54E12468F8F100C8F1D1 /* powerTabBarItemUnselected@3x.png */; };
		005A54F22468F8F100C8F1D1 /* energyTabBarItemUnselected@2x.png in Resources */ = {isa = PBXBuildFile; fileRef = 005A54E22468F8F100C8F1D1 /* energyTabBarItemUnselected@2x.png */; };
		005A54F32468F8F100C8F1D1 /* powerTabBarItemSelected@3x.png in Resources */ = {isa = PBXBuildFile; fileRef = 005A54E32468F8F100C8F1D1 /* powerTabBarItemSelected@3x.png */; };
		005A54F42468F8F100C8F1D1 /* timerTabBarItemSelected@2x.png in Resources */ = {isa = PBXBuildFile; fileRef = 005A54E42468F8F100C8F1D1 /* timerTabBarItemSelected@2x.png */; };
		005A54F52468F8F100C8F1D1 /* energyTabBarItemSelected@2x.png in Resources */ = {isa = PBXBuildFile; fileRef = 005A54E52468F8F100C8F1D1 /* energyTabBarItemSelected@2x.png */; };
		005A54F62468F8F100C8F1D1 /* settingTabBarItemSelected@2x.png in Resources */ = {isa = PBXBuildFile; fileRef = 005A54E62468F8F100C8F1D1 /* settingTabBarItemSelected@2x.png */; };
		005A54F72468F8F100C8F1D1 /* settingTabBarItemSelected@3x.png in Resources */ = {isa = PBXBuildFile; fileRef = 005A54E72468F8F100C8F1D1 /* settingTabBarItemSelected@3x.png */; };
		005A54F82468F8F100C8F1D1 /* energyTabBarItemSelected@3x.png in Resources */ = {isa = PBXBuildFile; fileRef = 005A54E82468F8F100C8F1D1 /* energyTabBarItemSelected@3x.png */; };
		005A54F92468F8F100C8F1D1 /* timerTabBarItemSelected@3x.png in Resources */ = {isa = PBXBuildFile; fileRef = 005A54E92468F8F100C8F1D1 /* timerTabBarItemSelected@3x.png */; };
		005A54FA2468F8F100C8F1D1 /* powerTabBarItemSelected@2x.png in Resources */ = {isa = PBXBuildFile; fileRef = 005A54EA2468F8F100C8F1D1 /* powerTabBarItemSelected@2x.png */; };
		005A54FB2468F8F100C8F1D1 /* energyTabBarItemUnselected@3x.png in Resources */ = {isa = PBXBuildFile; fileRef = 005A54EB2468F8F100C8F1D1 /* energyTabBarItemUnselected@3x.png */; };
		005A54FC2468F8F100C8F1D1 /* timerTabBarItemUnselected@2x.png in Resources */ = {isa = PBXBuildFile; fileRef = 005A54EC2468F8F100C8F1D1 /* timerTabBarItemUnselected@2x.png */; };
		005A54FD2468F8F100C8F1D1 /* timerTabBarItemUnselected@3x.png in Resources */ = {isa = PBXBuildFile; fileRef = 005A54ED2468F8F100C8F1D1 /* timerTabBarItemUnselected@3x.png */; };
		005A5501246923F800C8F1D1 /* MKPowerCircleView.m in Sources */ = {isa = PBXBuildFile; fileRef = 005A5500246923F800C8F1D1 /* MKPowerCircleView.m */; };
		005A55042469512A00C8F1D1 /* MKLifeBLEInterface.m in Sources */ = {isa = PBXBuildFile; fileRef = 005A55032469512A00C8F1D1 /* MKLifeBLEInterface.m */; };
		005A55072469513A00C8F1D1 /* MKLifeBLEInterface+MKConfig.m in Sources */ = {isa = PBXBuildFile; fileRef = 005A55062469513A00C8F1D1 /* MKLifeBLEInterface+MKConfig.m */; };
		005A550B2469527100C8F1D1 /* MKLifeBLEOperation.m in Sources */ = {isa = PBXBuildFile; fileRef = 005A550A2469527100C8F1D1 /* MKLifeBLEOperation.m */; };
		005A550E246952D100C8F1D1 /* MKLifeBLEOperationAdopter.m in Sources */ = {isa = PBXBuildFile; fileRef = 005A550D246952D100C8F1D1 /* MKLifeBLEOperationAdopter.m */; };
		005E258C246E31C300243F07 /* MKEnergyTableHeaderView.m in Sources */ = {isa = PBXBuildFile; fileRef = 005E258B246E31C300243F07 /* MKEnergyTableHeaderView.m */; };
		005E258F246E3B5400243F07 /* MKEnergyDailyTableView.m in Sources */ = {isa = PBXBuildFile; fileRef = 005E258E246E3B5400243F07 /* MKEnergyDailyTableView.m */; };
		005E2592246E3B6E00243F07 /* MKEnergyMonthlyTableView.m in Sources */ = {isa = PBXBuildFile; fileRef = 005E2591246E3B6E00243F07 /* MKEnergyMonthlyTableView.m */; };
		005E2595246E47A100243F07 /* MKEnergyValueCell.m in Sources */ = {isa = PBXBuildFile; fileRef = 005E2594246E47A100243F07 /* MKEnergyValueCell.m */; };
		005E2598246E69D200243F07 /* MKEnergyValueCellModel.m in Sources */ = {isa = PBXBuildFile; fileRef = 005E2597246E69D200243F07 /* MKEnergyValueCellModel.m */; };
		005E259B246E6FFD00243F07 /* MKEnergyDataModel.m in Sources */ = {isa = PBXBuildFile; fileRef = 005E259A246E6FFD00243F07 /* MKEnergyDataModel.m */; };
		005E4C43246CF11200AB0705 /* MKTimerCircleView.m in Sources */ = {isa = PBXBuildFile; fileRef = 005E4C42246CF11200AB0705 /* MKTimerCircleView.m */; };
		005E4C46246D289800AB0705 /* haloRing@2x.png in Resources */ = {isa = PBXBuildFile; fileRef = 005E4C44246D289700AB0705 /* haloRing@2x.png */; };
		005E4C47246D289800AB0705 /* haloRing@3x.png in Resources */ = {isa = PBXBuildFile; fileRef = 005E4C45246D289700AB0705 /* haloRing@3x.png */; };
		005E4C4D246D3A8700AB0705 /* MKConfigDeviceTimePickerView.m in Sources */ = {isa = PBXBuildFile; fileRef = 005E4C4C246D3A8700AB0705 /* MKConfigDeviceTimePickerView.m */; };
		006246CC244EFA8B00A73CA8 /* AppDelegate.m in Sources */ = {isa = PBXBuildFile; fileRef = 006246CB244EFA8B00A73CA8 /* AppDelegate.m */; };
		006246D7244EFA8D00A73CA8 /* Assets.xcassets in Resources */ = {isa = PBXBuildFile; fileRef = 006246D6244EFA8D00A73CA8 /* Assets.xcassets */; };
		006246DA244EFA8D00A73CA8 /* LaunchScreen.storyboard in Resources */ = {isa = PBXBuildFile; fileRef = 006246D8244EFA8D00A73CA8 /* LaunchScreen.storyboard */; };
		006246DD244EFA8D00A73CA8 /* main.m in Sources */ = {isa = PBXBuildFile; fileRef = 006246DC244EFA8D00A73CA8 /* main.m */; };
		00633C3F2461645F00D4BCA3 /* MKSlotConfigPickView.m in Sources */ = {isa = PBXBuildFile; fileRef = 00633C2A2461645F00D4BCA3 /* MKSlotConfigPickView.m */; };
		00633C402461645F00D4BCA3 /* sliderMaximumTrackImage@3x.png in Resources */ = {isa = PBXBuildFile; fileRef = 00633C2D2461645F00D4BCA3 /* sliderMaximumTrackImage@3x.png */; };
		00633C412461645F00D4BCA3 /* sliderThumbIcon@3x.png in Resources */ = {isa = PBXBuildFile; fileRef = 00633C2E2461645F00D4BCA3 /* sliderThumbIcon@3x.png */; };
		00633C422461645F00D4BCA3 /* sliderThumbIcon@2x.png in Resources */ = {isa = PBXBuildFile; fileRef = 00633C2F2461645F00D4BCA3 /* sliderThumbIcon@2x.png */; };
		00633C432461645F00D4BCA3 /* sliderMaximumTrackImage@2x.png in Resources */ = {isa = PBXBuildFile; fileRef = 00633C302461645F00D4BCA3 /* sliderMaximumTrackImage@2x.png */; };
		00633C442461645F00D4BCA3 /* MKSlider.m in Sources */ = {isa = PBXBuildFile; fileRef = 00633C312461645F00D4BCA3 /* MKSlider.m */; };
		00633C452461645F00D4BCA3 /* sliderMinimumTrackIcon@2x.png in Resources */ = {isa = PBXBuildFile; fileRef = 00633C322461645F00D4BCA3 /* sliderMinimumTrackIcon@2x.png */; };
		00633C462461645F00D4BCA3 /* sliderMinimumTrackIcon@3x.png in Resources */ = {isa = PBXBuildFile; fileRef = 00633C332461645F00D4BCA3 /* sliderMinimumTrackIcon@3x.png */; };
		00633C472461645F00D4BCA3 /* MKContactTrackerTextCell.m in Sources */ = {isa = PBXBuildFile; fileRef = 00633C392461645F00D4BCA3 /* MKContactTrackerTextCell.m */; };
		00633C482461645F00D4BCA3 /* MKBaseCell.m in Sources */ = {isa = PBXBuildFile; fileRef = 00633C3A2461645F00D4BCA3 /* MKBaseCell.m */; };
		00633C4B246164B600D4BCA3 /* MKLifeBLECentralManager.m in Sources */ = {isa = PBXBuildFile; fileRef = 00633C4A246164B600D4BCA3 /* MKLifeBLECentralManager.m */; };
		008B6E702466AEB1008FC199 /* clearButtonIcon@2x.png in Resources */ = {isa = PBXBuildFile; fileRef = 008B6E6E2466AEB1008FC199 /* clearButtonIcon@2x.png */; };
		008B6E712466AEB1008FC199 /* clearButtonIcon@3x.png in Resources */ = {isa = PBXBuildFile; fileRef = 008B6E6F2466AEB1008FC199 /* clearButtonIcon@3x.png */; };
		008B6E7C2466B570008FC199 /* MKAboutController.m in Sources */ = {isa = PBXBuildFile; fileRef = 008B6E742466B570008FC199 /* MKAboutController.m */; };
		008B6E7D2466B570008FC199 /* MKAboutCellModel.m in Sources */ = {isa = PBXBuildFile; fileRef = 008B6E782466B570008FC199 /* MKAboutCellModel.m */; };
		008B6E7E2466B570008FC199 /* MKAboutPageCell.m in Sources */ = {isa = PBXBuildFile; fileRef = 008B6E7B2466B570008FC199 /* MKAboutPageCell.m */; };
		F92751C2A69D4D44C7A1D722 /* Pods_MKBLEMokoLife.framework in Frameworks */ = {isa = PBXBuildFile; fileRef = 14932A4AA7A59EC56DD8831B /* Pods_MKBLEMokoLife.framework */; };
/* End PBXBuildFile section */

/* Begin PBXFileReference section */
		0026B28A24616E5E00791264 /* MKScanSearchButton.h */ = {isa = PBXFileReference; fileEncoding = 4; lastKnownFileType = sourcecode.c.h; path = MKScanSearchButton.h; sourceTree = "<group>"; };
		0026B28B24616E5E00791264 /* MKScanSearchView.m */ = {isa = PBXFileReference; fileEncoding = 4; lastKnownFileType = sourcecode.c.objc; path = MKScanSearchView.m; sourceTree = "<group>"; };
		0026B28C24616E5E00791264 /* MKScanSearchView.h */ = {isa = PBXFileReference; fileEncoding = 4; lastKnownFileType = sourcecode.c.h; path = MKScanSearchView.h; sourceTree = "<group>"; };
		0026B28D24616E5E00791264 /* MKScanSearchButton.m */ = {isa = PBXFileReference; fileEncoding = 4; lastKnownFileType = sourcecode.c.objc; path = MKScanSearchButton.m; sourceTree = "<group>"; };
		0026B29024616E9C00791264 /* MKScanPageController.h */ = {isa = PBXFileReference; lastKnownFileType = sourcecode.c.h; path = MKScanPageController.h; sourceTree = "<group>"; };
		0026B29124616E9C00791264 /* MKScanPageController.m */ = {isa = PBXFileReference; lastKnownFileType = sourcecode.c.objc; path = MKScanPageController.m; sourceTree = "<group>"; };
		00520BA524624ED3003BF540 /* scanRefresh@2x.png */ = {isa = PBXFileReference; lastKnownFileType = image.png; path = "scanRefresh@2x.png"; sourceTree = "<group>"; };
		00520BA624624ED3003BF540 /* scanRefresh@3x.png */ = {isa = PBXFileReference; lastKnownFileType = image.png; path = "scanRefresh@3x.png"; sourceTree = "<group>"; };
		00520BA724624ED3003BF540 /* scanRightAboutIcon@3x.png */ = {isa = PBXFileReference; lastKnownFileType = image.png; path = "scanRightAboutIcon@3x.png"; sourceTree = "<group>"; };
		00520BA824624ED3003BF540 /* scanRightAboutIcon@2x.png */ = {isa = PBXFileReference; lastKnownFileType = image.png; path = "scanRightAboutIcon@2x.png"; sourceTree = "<group>"; };
		00520BAD246254ED003BF540 /* MKLifeBLEDeviceModel.h */ = {isa = PBXFileReference; lastKnownFileType = sourcecode.c.h; path = MKLifeBLEDeviceModel.h; sourceTree = "<group>"; };
		00520BAE246254ED003BF540 /* MKLifeBLEDeviceModel.m */ = {isa = PBXFileReference; lastKnownFileType = sourcecode.c.objc; path = MKLifeBLEDeviceModel.m; sourceTree = "<group>"; };
		00520BB02462607B003BF540 /* MKLifeBLEAdopter.h */ = {isa = PBXFileReference; lastKnownFileType = sourcecode.c.h; path = MKLifeBLEAdopter.h; sourceTree = "<group>"; };
		00520BB12462607B003BF540 /* MKLifeBLEAdopter.m */ = {isa = PBXFileReference; lastKnownFileType = sourcecode.c.objc; path = MKLifeBLEAdopter.m; sourceTree = "<group>"; };
		00520BB624626B76003BF540 /* MKLifeBLEDeviceModel+MKScanPage.h */ = {isa = PBXFileReference; lastKnownFileType = sourcecode.c.h; path = "MKLifeBLEDeviceModel+MKScanPage.h"; sourceTree = "<group>"; };
		00520BB724626B76003BF540 /* MKLifeBLEDeviceModel+MKScanPage.m */ = {isa = PBXFileReference; lastKnownFileType = sourcecode.c.objc; path = "MKLifeBLEDeviceModel+MKScanPage.m"; sourceTree = "<group>"; };
		00520BB924628C2A003BF540 /* MKScanPageCell.h */ = {isa = PBXFileReference; lastKnownFileType = sourcecode.c.h; path = MKScanPageCell.h; sourceTree = "<group>"; };
		00520BBA24628C2A003BF540 /* MKScanPageCell.m */ = {isa = PBXFileReference; lastKnownFileType = sourcecode.c.objc; path = MKScanPageCell.m; sourceTree = "<group>"; };
		0056606B246FA5B6008A9574 /* MKConfigDeviceDateModel.h */ = {isa = PBXFileReference; lastKnownFileType = sourcecode.c.h; path = MKConfigDeviceDateModel.h; sourceTree = "<group>"; };
		0056606C246FA5B6008A9574 /* MKConfigDeviceDateModel.m */ = {isa = PBXFileReference; lastKnownFileType = sourcecode.c.objc; path = MKConfigDeviceDateModel.m; sourceTree = "<group>"; };
		00566072246FA7A6008A9574 /* MKUpdateCheckController.h */ = {isa = PBXFileReference; lastKnownFileType = sourcecode.c.h; path = MKUpdateCheckController.h; sourceTree = "<group>"; };
		00566073246FA7A6008A9574 /* MKUpdateCheckController.m */ = {isa = PBXFileReference; lastKnownFileType = sourcecode.c.objc; path = MKUpdateCheckController.m; sourceTree = "<group>"; };
		00566075246FAAFC008A9574 /* firmware_select_fileIcon@3x.png */ = {isa = PBXFileReference; lastKnownFileType = image.png; path = "firmware_select_fileIcon@3x.png"; sourceTree = "<group>"; };
		00566076246FAAFC008A9574 /* firmware_select_fileIcon@2x.png */ = {isa = PBXFileReference; lastKnownFileType = image.png; path = "firmware_select_fileIcon@2x.png"; sourceTree = "<group>"; };
		00566079246FAE71008A9574 /* MKUpdateController.m */ = {isa = PBXFileReference; fileEncoding = 4; lastKnownFileType = sourcecode.c.objc; path = MKUpdateController.m; sourceTree = "<group>"; };
		0056607A246FAE71008A9574 /* MKUpdateController.h */ = {isa = PBXFileReference; fileEncoding = 4; lastKnownFileType = sourcecode.c.h; path = MKUpdateController.h; sourceTree = "<group>"; };
		0056607C246FAE7D008A9574 /* MKDFUAdopter.m */ = {isa = PBXFileReference; fileEncoding = 4; lastKnownFileType = sourcecode.c.objc; path = MKDFUAdopter.m; sourceTree = "<group>"; };
		0056607D246FAE7D008A9574 /* MKDFUModel.m */ = {isa = PBXFileReference; fileEncoding = 4; lastKnownFileType = sourcecode.c.objc; path = MKDFUModel.m; sourceTree = "<group>"; };
		0056607E246FAE7D008A9574 /* MKDFUAdopter.h */ = {isa = PBXFileReference; fileEncoding = 4; lastKnownFileType = sourcecode.c.h; path = MKDFUAdopter.h; sourceTree = "<group>"; };
		0056607F246FAE7D008A9574 /* MKDFUModel.h */ = {isa = PBXFileReference; fileEncoding = 4; lastKnownFileType = sourcecode.c.h; path = MKDFUModel.h; sourceTree = "<group>"; };
		00566083246FAE86008A9574 /* MKFileManager.h */ = {isa = PBXFileReference; fileEncoding = 4; lastKnownFileType = sourcecode.c.h; path = MKFileManager.h; sourceTree = "<group>"; };
		00566084246FAE86008A9574 /* MKFileManager.m */ = {isa = PBXFileReference; fileEncoding = 4; lastKnownFileType = sourcecode.c.objc; path = MKFileManager.m; sourceTree = "<group>"; };
		0059BCCE246B85BE00E969AE /* MKSettingPageCell.h */ = {isa = PBXFileReference; lastKnownFileType = sourcecode.c.h; path = MKSettingPageCell.h; sourceTree = "<group>"; };
		0059BCCF246B85BE00E969AE /* MKSettingPageCell.m */ = {isa = PBXFileReference; lastKnownFileType = sourcecode.c.objc; path = MKSettingPageCell.m; sourceTree = "<group>"; };
		0059BCD1246B91E900E969AE /* MKSettingPageCellModel.h */ = {isa = PBXFileReference; lastKnownFileType = sourcecode.c.h; path = MKSettingPageCellModel.h; sourceTree = "<group>"; };
		0059BCD2246B91E900E969AE /* MKSettingPageCellModel.m */ = {isa = PBXFileReference; lastKnownFileType = sourcecode.c.objc; path = MKSettingPageCellModel.m; sourceTree = "<group>"; };
		0059BCD4246B973A00E969AE /* MKSettingButtonCell.h */ = {isa = PBXFileReference; lastKnownFileType = sourcecode.c.h; path = MKSettingButtonCell.h; sourceTree = "<group>"; };
		0059BCD5246B973A00E969AE /* MKSettingButtonCell.m */ = {isa = PBXFileReference; lastKnownFileType = sourcecode.c.objc; path = MKSettingButtonCell.m; sourceTree = "<group>"; };
		0059BCD7246B9DBF00E969AE /* goto_next_button@3x.png */ = {isa = PBXFileReference; lastKnownFileType = image.png; path = "goto_next_button@3x.png"; sourceTree = "<group>"; };
		0059BCD8246B9DBF00E969AE /* goto_next_button@2x.png */ = {isa = PBXFileReference; lastKnownFileType = image.png; path = "goto_next_button@2x.png"; sourceTree = "<group>"; };
		0059BCDF246BA05700E969AE /* MKDeviceInfoController.h */ = {isa = PBXFileReference; lastKnownFileType = sourcecode.c.h; path = MKDeviceInfoController.h; sourceTree = "<group>"; };
		0059BCE0246BA05700E969AE /* MKDeviceInfoController.m */ = {isa = PBXFileReference; lastKnownFileType = sourcecode.c.objc; path = MKDeviceInfoController.m; sourceTree = "<group>"; };
		0059BCE2246BA79900E969AE /* detailIcon@2x.png */ = {isa = PBXFileReference; lastKnownFileType = image.png; path = "detailIcon@2x.png"; sourceTree = "<group>"; };
		0059BCE3246BA79900E969AE /* detailIcon@3x.png */ = {isa = PBXFileReference; lastKnownFileType = image.png; path = "detailIcon@3x.png"; sourceTree = "<group>"; };
		0059BCE6246BC52500E969AE /* MKModifyNormalDatasController.h */ = {isa = PBXFileReference; lastKnownFileType = sourcecode.c.h; path = MKModifyNormalDatasController.h; sourceTree = "<group>"; };
		0059BCE7246BC52500E969AE /* MKModifyNormalDatasController.m */ = {isa = PBXFileReference; lastKnownFileType = sourcecode.c.objc; path = MKModifyNormalDatasController.m; sourceTree = "<group>"; };
		0059BCE9246BCDB300E969AE /* MKModifyPowerStatusController.h */ = {isa = PBXFileReference; lastKnownFileType = sourcecode.c.h; path = MKModifyPowerStatusController.h; sourceTree = "<group>"; };
		0059BCEA246BCDB300E969AE /* MKModifyPowerStatusController.m */ = {isa = PBXFileReference; lastKnownFileType = sourcecode.c.objc; path = MKModifyPowerStatusController.m; sourceTree = "<group>"; };
		0059BCED246BCEB500E969AE /* modifyPowerOnSelectedIcon@3x.png */ = {isa = PBXFileReference; lastKnownFileType = image.png; path = "modifyPowerOnSelectedIcon@3x.png"; sourceTree = "<group>"; };
		0059BCEE246BCEB500E969AE /* modifyPowerOnSelectedIcon@2x.png */ = {isa = PBXFileReference; lastKnownFileType = image.png; path = "modifyPowerOnSelectedIcon@2x.png"; sourceTree = "<group>"; };
		0059BCEF246BCEB500E969AE /* modifyPowerOnUnselectedIcon@2x.png */ = {isa = PBXFileReference; lastKnownFileType = image.png; path = "modifyPowerOnUnselectedIcon@2x.png"; sourceTree = "<group>"; };
		0059BCF0246BCEB500E969AE /* modifyPowerOnUnselectedIcon@3x.png */ = {isa = PBXFileReference; lastKnownFileType = image.png; path = "modifyPowerOnUnselectedIcon@3x.png"; sourceTree = "<group>"; };
		0059BCF5246BD25A00E969AE /* MKModifyPowerStatusCell.h */ = {isa = PBXFileReference; lastKnownFileType = sourcecode.c.h; path = MKModifyPowerStatusCell.h; sourceTree = "<group>"; };
		0059BCF6246BD25A00E969AE /* MKModifyPowerStatusCell.m */ = {isa = PBXFileReference; lastKnownFileType = sourcecode.c.objc; path = MKModifyPowerStatusCell.m; sourceTree = "<group>"; };
		0059BCF8246BD44B00E969AE /* MKModifyPowerStatusCellModel.h */ = {isa = PBXFileReference; lastKnownFileType = sourcecode.c.h; path = MKModifyPowerStatusCellModel.h; sourceTree = "<group>"; };
		0059BCF9246BD44B00E969AE /* MKModifyPowerStatusCellModel.m */ = {isa = PBXFileReference; lastKnownFileType = sourcecode.c.objc; path = MKModifyPowerStatusCellModel.m; sourceTree = "<group>"; };
		0059BCFB246BDD7B00E969AE /* MKSettingDatasModel.h */ = {isa = PBXFileReference; lastKnownFileType = sourcecode.c.h; path = MKSettingDatasModel.h; sourceTree = "<group>"; };
		0059BCFC246BDD7B00E969AE /* MKSettingDatasModel.m */ = {isa = PBXFileReference; lastKnownFileType = sourcecode.c.objc; path = MKSettingDatasModel.m; sourceTree = "<group>"; };
		005A54A32468DFBA00C8F1D1 /* about_telIcon@2x.png */ = {isa = PBXFileReference; lastKnownFileType = image.png; path = "about_telIcon@2x.png"; sourceTree = "<group>"; };
		005A54A42468DFBA00C8F1D1 /* about_telIcon@3x.png */ = {isa = PBXFileReference; lastKnownFileType = image.png; path = "about_telIcon@3x.png"; sourceTree = "<group>"; };
		005A54A52468DFBA00C8F1D1 /* about_shouceIcon@2x.png */ = {isa = PBXFileReference; lastKnownFileType = image.png; path = "about_shouceIcon@2x.png"; sourceTree = "<group>"; };
		005A54A62468DFBA00C8F1D1 /* about_addIcon@3x.png */ = {isa = PBXFileReference; lastKnownFileType = image.png; path = "about_addIcon@3x.png"; sourceTree = "<group>"; };
		005A54A72468DFBA00C8F1D1 /* about_addIcon@2x.png */ = {isa = PBXFileReference; lastKnownFileType = image.png; path = "about_addIcon@2x.png"; sourceTree = "<group>"; };
		005A54A82468DFBA00C8F1D1 /* about_shouceIcon@3x.png */ = {isa = PBXFileReference; lastKnownFileType = image.png; path = "about_shouceIcon@3x.png"; sourceTree = "<group>"; };
		005A54A92468DFBA00C8F1D1 /* aboutIcon@2x.png */ = {isa = PBXFileReference; lastKnownFileType = image.png; path = "aboutIcon@2x.png"; sourceTree = "<group>"; };
		005A54AA2468DFBA00C8F1D1 /* about_faxIcon@2x.png */ = {isa = PBXFileReference; lastKnownFileType = image.png; path = "about_faxIcon@2x.png"; sourceTree = "<group>"; };
		005A54AB2468DFBA00C8F1D1 /* about_faxIcon@3x.png */ = {isa = PBXFileReference; lastKnownFileType = image.png; path = "about_faxIcon@3x.png"; sourceTree = "<group>"; };
		005A54AC2468DFBA00C8F1D1 /* aboutIcon@3x.png */ = {isa = PBXFileReference; lastKnownFileType = image.png; path = "aboutIcon@3x.png"; sourceTree = "<group>"; };
		005A54B72468E90900C8F1D1 /* MKLifeBLEPeripheral.h */ = {isa = PBXFileReference; lastKnownFileType = sourcecode.c.h; path = MKLifeBLEPeripheral.h; sourceTree = "<group>"; };
		005A54B82468E90900C8F1D1 /* MKLifeBLEPeripheral.m */ = {isa = PBXFileReference; lastKnownFileType = sourcecode.c.objc; path = MKLifeBLEPeripheral.m; sourceTree = "<group>"; };
		005A54BA2468EA5200C8F1D1 /* CBPeripheral+MKLifeBLEAdd.h */ = {isa = PBXFileReference; lastKnownFileType = sourcecode.c.h; path = "CBPeripheral+MKLifeBLEAdd.h"; sourceTree = "<group>"; };
		005A54BB2468EA5200C8F1D1 /* CBPeripheral+MKLifeBLEAdd.m */ = {isa = PBXFileReference; lastKnownFileType = sourcecode.c.objc; path = "CBPeripheral+MKLifeBLEAdd.m"; sourceTree = "<group>"; };
		005A54CE2468F0DA00C8F1D1 /* MKPowerController.h */ = {isa = PBXFileReference; lastKnownFileType = sourcecode.c.h; path = MKPowerController.h; sourceTree = "<group>"; };
		005A54CF2468F0DA00C8F1D1 /* MKPowerController.m */ = {isa = PBXFileReference; lastKnownFileType = sourcecode.c.objc; path = MKPowerController.m; sourceTree = "<group>"; };
		005A54D12468F16F00C8F1D1 /* MKEnergyController.h */ = {isa = PBXFileReference; lastKnownFileType = sourcecode.c.h; path = MKEnergyController.h; sourceTree = "<group>"; };
		005A54D22468F16F00C8F1D1 /* MKEnergyController.m */ = {isa = PBXFileReference; lastKnownFileType = sourcecode.c.objc; path = MKEnergyController.m; sourceTree = "<group>"; };
		005A54D42468F1AF00C8F1D1 /* MKSettingController.h */ = {isa = PBXFileReference; lastKnownFileType = sourcecode.c.h; path = MKSettingController.h; sourceTree = "<group>"; };
		005A54D52468F1AF00C8F1D1 /* MKSettingController.m */ = {isa = PBXFileReference; lastKnownFileType = sourcecode.c.objc; path = MKSettingController.m; sourceTree = "<group>"; };
		005A54D72468F22C00C8F1D1 /* MKTimerController.h */ = {isa = PBXFileReference; lastKnownFileType = sourcecode.c.h; path = MKTimerController.h; sourceTree = "<group>"; };
		005A54D82468F22C00C8F1D1 /* MKTimerController.m */ = {isa = PBXFileReference; lastKnownFileType = sourcecode.c.objc; path = MKTimerController.m; sourceTree = "<group>"; };
		005A54DA2468F2F400C8F1D1 /* MKTabBarController.h */ = {isa = PBXFileReference; lastKnownFileType = sourcecode.c.h; path = MKTabBarController.h; sourceTree = "<group>"; };
		005A54DB2468F2F400C8F1D1 /* MKTabBarController.m */ = {isa = PBXFileReference; lastKnownFileType = sourcecode.c.objc; path = MKTabBarController.m; sourceTree = "<group>"; };
		005A54DE2468F8F100C8F1D1 /* settingTabBarItemUnselected@2x.png */ = {isa = PBXFileReference; lastKnownFileType = image.png; path = "settingTabBarItemUnselected@2x.png"; sourceTree = "<group>"; };
		005A54DF2468F8F100C8F1D1 /* settingTabBarItemUnselected@3x.png */ = {isa = PBXFileReference; lastKnownFileType = image.png; path = "settingTabBarItemUnselected@3x.png"; sourceTree = "<group>"; };
		005A54E02468F8F100C8F1D1 /* powerTabBarItemUnselected@2x.png */ = {isa = PBXFileReference; lastKnownFileType = image.png; path = "powerTabBarItemUnselected@2x.png"; sourceTree = "<group>"; };
		005A54E12468F8F100C8F1D1 /* powerTabBarItemUnselected@3x.png */ = {isa = PBXFileReference; lastKnownFileType = image.png; path = "powerTabBarItemUnselected@3x.png"; sourceTree = "<group>"; };
		005A54E22468F8F100C8F1D1 /* energyTabBarItemUnselected@2x.png */ = {isa = PBXFileReference; lastKnownFileType = image.png; path = "energyTabBarItemUnselected@2x.png"; sourceTree = "<group>"; };
		005A54E32468F8F100C8F1D1 /* powerTabBarItemSelected@3x.png */ = {isa = PBXFileReference; lastKnownFileType = image.png; path = "powerTabBarItemSelected@3x.png"; sourceTree = "<group>"; };
		005A54E42468F8F100C8F1D1 /* timerTabBarItemSelected@2x.png */ = {isa = PBXFileReference; lastKnownFileType = image.png; path = "timerTabBarItemSelected@2x.png"; sourceTree = "<group>"; };
		005A54E52468F8F100C8F1D1 /* energyTabBarItemSelected@2x.png */ = {isa = PBXFileReference; lastKnownFileType = image.png; path = "energyTabBarItemSelected@2x.png"; sourceTree = "<group>"; };
		005A54E62468F8F100C8F1D1 /* settingTabBarItemSelected@2x.png */ = {isa = PBXFileReference; lastKnownFileType = image.png; path = "settingTabBarItemSelected@2x.png"; sourceTree = "<group>"; };
		005A54E72468F8F100C8F1D1 /* settingTabBarItemSelected@3x.png */ = {isa = PBXFileReference; lastKnownFileType = image.png; path = "settingTabBarItemSelected@3x.png"; sourceTree = "<group>"; };
		005A54E82468F8F100C8F1D1 /* energyTabBarItemSelected@3x.png */ = {isa = PBXFileReference; lastKnownFileType = image.png; path = "energyTabBarItemSelected@3x.png"; sourceTree = "<group>"; };
		005A54E92468F8F100C8F1D1 /* timerTabBarItemSelected@3x.png */ = {isa = PBXFileReference; lastKnownFileType = image.png; path = "timerTabBarItemSelected@3x.png"; sourceTree = "<group>"; };
		005A54EA2468F8F100C8F1D1 /* powerTabBarItemSelected@2x.png */ = {isa = PBXFileReference; lastKnownFileType = image.png; path = "powerTabBarItemSelected@2x.png"; sourceTree = "<group>"; };
		005A54EB2468F8F100C8F1D1 /* energyTabBarItemUnselected@3x.png */ = {isa = PBXFileReference; lastKnownFileType = image.png; path = "energyTabBarItemUnselected@3x.png"; sourceTree = "<group>"; };
		005A54EC2468F8F100C8F1D1 /* timerTabBarItemUnselected@2x.png */ = {isa = PBXFileReference; lastKnownFileType = image.png; path = "timerTabBarItemUnselected@2x.png"; sourceTree = "<group>"; };
		005A54ED2468F8F100C8F1D1 /* timerTabBarItemUnselected@3x.png */ = {isa = PBXFileReference; lastKnownFileType = image.png; path = "timerTabBarItemUnselected@3x.png"; sourceTree = "<group>"; };
		005A54FF246923F800C8F1D1 /* MKPowerCircleView.h */ = {isa = PBXFileReference; lastKnownFileType = sourcecode.c.h; path = MKPowerCircleView.h; sourceTree = "<group>"; };
		005A5500246923F800C8F1D1 /* MKPowerCircleView.m */ = {isa = PBXFileReference; lastKnownFileType = sourcecode.c.objc; path = MKPowerCircleView.m; sourceTree = "<group>"; };
		005A55022469512A00C8F1D1 /* MKLifeBLEInterface.h */ = {isa = PBXFileReference; lastKnownFileType = sourcecode.c.h; path = MKLifeBLEInterface.h; sourceTree = "<group>"; };
		005A55032469512A00C8F1D1 /* MKLifeBLEInterface.m */ = {isa = PBXFileReference; lastKnownFileType = sourcecode.c.objc; path = MKLifeBLEInterface.m; sourceTree = "<group>"; };
		005A55052469513A00C8F1D1 /* MKLifeBLEInterface+MKConfig.h */ = {isa = PBXFileReference; lastKnownFileType = sourcecode.c.h; path = "MKLifeBLEInterface+MKConfig.h"; sourceTree = "<group>"; };
		005A55062469513A00C8F1D1 /* MKLifeBLEInterface+MKConfig.m */ = {isa = PBXFileReference; lastKnownFileType = sourcecode.c.objc; path = "MKLifeBLEInterface+MKConfig.m"; sourceTree = "<group>"; };
		005A55082469524000C8F1D1 /* MKLifeBLEOperationID.h */ = {isa = PBXFileReference; lastKnownFileType = sourcecode.c.h; path = MKLifeBLEOperationID.h; sourceTree = "<group>"; };
		005A55092469527100C8F1D1 /* MKLifeBLEOperation.h */ = {isa = PBXFileReference; lastKnownFileType = sourcecode.c.h; path = MKLifeBLEOperation.h; sourceTree = "<group>"; };
		005A550A2469527100C8F1D1 /* MKLifeBLEOperation.m */ = {isa = PBXFileReference; lastKnownFileType = sourcecode.c.objc; path = MKLifeBLEOperation.m; sourceTree = "<group>"; };
		005A550C246952D100C8F1D1 /* MKLifeBLEOperationAdopter.h */ = {isa = PBXFileReference; lastKnownFileType = sourcecode.c.h; path = MKLifeBLEOperationAdopter.h; sourceTree = "<group>"; };
		005A550D246952D100C8F1D1 /* MKLifeBLEOperationAdopter.m */ = {isa = PBXFileReference; lastKnownFileType = sourcecode.c.objc; path = MKLifeBLEOperationAdopter.m; sourceTree = "<group>"; };
		005E258A246E31C300243F07 /* MKEnergyTableHeaderView.h */ = {isa = PBXFileReference; lastKnownFileType = sourcecode.c.h; path = MKEnergyTableHeaderView.h; sourceTree = "<group>"; };
		005E258B246E31C300243F07 /* MKEnergyTableHeaderView.m */ = {isa = PBXFileReference; lastKnownFileType = sourcecode.c.objc; path = MKEnergyTableHeaderView.m; sourceTree = "<group>"; };
		005E258D246E3B5400243F07 /* MKEnergyDailyTableView.h */ = {isa = PBXFileReference; lastKnownFileType = sourcecode.c.h; path = MKEnergyDailyTableView.h; sourceTree = "<group>"; };
		005E258E246E3B5400243F07 /* MKEnergyDailyTableView.m */ = {isa = PBXFileReference; lastKnownFileType = sourcecode.c.objc; path = MKEnergyDailyTableView.m; sourceTree = "<group>"; };
		005E2590246E3B6E00243F07 /* MKEnergyMonthlyTableView.h */ = {isa = PBXFileReference; lastKnownFileType = sourcecode.c.h; path = MKEnergyMonthlyTableView.h; sourceTree = "<group>"; };
		005E2591246E3B6E00243F07 /* MKEnergyMonthlyTableView.m */ = {isa = PBXFileReference; lastKnownFileType = sourcecode.c.objc; path = MKEnergyMonthlyTableView.m; sourceTree = "<group>"; };
		005E2593246E47A100243F07 /* MKEnergyValueCell.h */ = {isa = PBXFileReference; lastKnownFileType = sourcecode.c.h; path = MKEnergyValueCell.h; sourceTree = "<group>"; };
		005E2594246E47A100243F07 /* MKEnergyValueCell.m */ = {isa = PBXFileReference; lastKnownFileType = sourcecode.c.objc; path = MKEnergyValueCell.m; sourceTree = "<group>"; };
		005E2596246E69D200243F07 /* MKEnergyValueCellModel.h */ = {isa = PBXFileReference; lastKnownFileType = sourcecode.c.h; path = MKEnergyValueCellModel.h; sourceTree = "<group>"; };
		005E2597246E69D200243F07 /* MKEnergyValueCellModel.m */ = {isa = PBXFileReference; lastKnownFileType = sourcecode.c.objc; path = MKEnergyValueCellModel.m; sourceTree = "<group>"; };
		005E2599246E6FFD00243F07 /* MKEnergyDataModel.h */ = {isa = PBXFileReference; lastKnownFileType = sourcecode.c.h; path = MKEnergyDataModel.h; sourceTree = "<group>"; };
		005E259A246E6FFD00243F07 /* MKEnergyDataModel.m */ = {isa = PBXFileReference; lastKnownFileType = sourcecode.c.objc; path = MKEnergyDataModel.m; sourceTree = "<group>"; };
		005E4C41246CF11200AB0705 /* MKTimerCircleView.h */ = {isa = PBXFileReference; lastKnownFileType = sourcecode.c.h; path = MKTimerCircleView.h; sourceTree = "<group>"; };
		005E4C42246CF11200AB0705 /* MKTimerCircleView.m */ = {isa = PBXFileReference; lastKnownFileType = sourcecode.c.objc; path = MKTimerCircleView.m; sourceTree = "<group>"; };
		005E4C44246D289700AB0705 /* haloRing@2x.png */ = {isa = PBXFileReference; lastKnownFileType = image.png; path = "haloRing@2x.png"; sourceTree = "<group>"; };
		005E4C45246D289700AB0705 /* haloRing@3x.png */ = {isa = PBXFileReference; lastKnownFileType = image.png; path = "haloRing@3x.png"; sourceTree = "<group>"; };
		005E4C4B246D3A8700AB0705 /* MKConfigDeviceTimePickerView.h */ = {isa = PBXFileReference; fileEncoding = 4; lastKnownFileType = sourcecode.c.h; path = MKConfigDeviceTimePickerView.h; sourceTree = "<group>"; };
		005E4C4C246D3A8700AB0705 /* MKConfigDeviceTimePickerView.m */ = {isa = PBXFileReference; fileEncoding = 4; lastKnownFileType = sourcecode.c.objc; path = MKConfigDeviceTimePickerView.m; sourceTree = "<group>"; };
		006246C7244EFA8B00A73CA8 /* MokoPlug.app */ = {isa = PBXFileReference; explicitFileType = wrapper.application; includeInIndex = 0; path = MokoPlug.app; sourceTree = BUILT_PRODUCTS_DIR; };
		006246CA244EFA8B00A73CA8 /* AppDelegate.h */ = {isa = PBXFileReference; lastKnownFileType = sourcecode.c.h; path = AppDelegate.h; sourceTree = "<group>"; };
		006246CB244EFA8B00A73CA8 /* AppDelegate.m */ = {isa = PBXFileReference; lastKnownFileType = sourcecode.c.objc; path = AppDelegate.m; sourceTree = "<group>"; };
		006246D6244EFA8D00A73CA8 /* Assets.xcassets */ = {isa = PBXFileReference; lastKnownFileType = folder.assetcatalog; path = Assets.xcassets; sourceTree = "<group>"; };
		006246D9244EFA8D00A73CA8 /* Base */ = {isa = PBXFileReference; lastKnownFileType = file.storyboard; name = Base; path = Base.lproj/LaunchScreen.storyboard; sourceTree = "<group>"; };
		006246DB244EFA8D00A73CA8 /* Info.plist */ = {isa = PBXFileReference; lastKnownFileType = text.plist.xml; path = Info.plist; sourceTree = "<group>"; };
		006246DC244EFA8D00A73CA8 /* main.m */ = {isa = PBXFileReference; lastKnownFileType = sourcecode.c.objc; path = main.m; sourceTree = "<group>"; };
		006246E3244EFBB300A73CA8 /* PrefixHeader.pch */ = {isa = PBXFileReference; lastKnownFileType = sourcecode.c.h; path = PrefixHeader.pch; sourceTree = "<group>"; };
		00633C2A2461645F00D4BCA3 /* MKSlotConfigPickView.m */ = {isa = PBXFileReference; fileEncoding = 4; lastKnownFileType = sourcecode.c.objc; path = MKSlotConfigPickView.m; sourceTree = "<group>"; };
		00633C2B2461645F00D4BCA3 /* MKSlotConfigPickView.h */ = {isa = PBXFileReference; fileEncoding = 4; lastKnownFileType = sourcecode.c.h; path = MKSlotConfigPickView.h; sourceTree = "<group>"; };
		00633C2D2461645F00D4BCA3 /* sliderMaximumTrackImage@3x.png */ = {isa = PBXFileReference; lastKnownFileType = image.png; path = "sliderMaximumTrackImage@3x.png"; sourceTree = "<group>"; };
		00633C2E2461645F00D4BCA3 /* sliderThumbIcon@3x.png */ = {isa = PBXFileReference; lastKnownFileType = image.png; path = "sliderThumbIcon@3x.png"; sourceTree = "<group>"; };
		00633C2F2461645F00D4BCA3 /* sliderThumbIcon@2x.png */ = {isa = PBXFileReference; lastKnownFileType = image.png; path = "sliderThumbIcon@2x.png"; sourceTree = "<group>"; };
		00633C302461645F00D4BCA3 /* sliderMaximumTrackImage@2x.png */ = {isa = PBXFileReference; lastKnownFileType = image.png; path = "sliderMaximumTrackImage@2x.png"; sourceTree = "<group>"; };
		00633C312461645F00D4BCA3 /* MKSlider.m */ = {isa = PBXFileReference; fileEncoding = 4; lastKnownFileType = sourcecode.c.objc; path = MKSlider.m; sourceTree = "<group>"; };
		00633C322461645F00D4BCA3 /* sliderMinimumTrackIcon@2x.png */ = {isa = PBXFileReference; lastKnownFileType = image.png; path = "sliderMinimumTrackIcon@2x.png"; sourceTree = "<group>"; };
		00633C332461645F00D4BCA3 /* sliderMinimumTrackIcon@3x.png */ = {isa = PBXFileReference; lastKnownFileType = image.png; path = "sliderMinimumTrackIcon@3x.png"; sourceTree = "<group>"; };
		00633C342461645F00D4BCA3 /* MKSlider.h */ = {isa = PBXFileReference; fileEncoding = 4; lastKnownFileType = sourcecode.c.h; path = MKSlider.h; sourceTree = "<group>"; };
		00633C362461645F00D4BCA3 /* MKNormalDefines.h */ = {isa = PBXFileReference; fileEncoding = 4; lastKnownFileType = sourcecode.c.h; path = MKNormalDefines.h; sourceTree = "<group>"; };
		00633C392461645F00D4BCA3 /* MKContactTrackerTextCell.m */ = {isa = PBXFileReference; fileEncoding = 4; lastKnownFileType = sourcecode.c.objc; path = MKContactTrackerTextCell.m; sourceTree = "<group>"; };
		00633C3A2461645F00D4BCA3 /* MKBaseCell.m */ = {isa = PBXFileReference; fileEncoding = 4; lastKnownFileType = sourcecode.c.objc; path = MKBaseCell.m; sourceTree = "<group>"; };
		00633C3B2461645F00D4BCA3 /* MKContactTrackerTextCell.h */ = {isa = PBXFileReference; fileEncoding = 4; lastKnownFileType = sourcecode.c.h; path = MKContactTrackerTextCell.h; sourceTree = "<group>"; };
		00633C3C2461645F00D4BCA3 /* MKBaseCell.h */ = {isa = PBXFileReference; fileEncoding = 4; lastKnownFileType = sourcecode.c.h; path = MKBaseCell.h; sourceTree = "<group>"; };
		00633C49246164B600D4BCA3 /* MKLifeBLECentralManager.h */ = {isa = PBXFileReference; lastKnownFileType = sourcecode.c.h; path = MKLifeBLECentralManager.h; sourceTree = "<group>"; };
		00633C4A246164B600D4BCA3 /* MKLifeBLECentralManager.m */ = {isa = PBXFileReference; lastKnownFileType = sourcecode.c.objc; path = MKLifeBLECentralManager.m; sourceTree = "<group>"; };
		00633C4C2461654400D4BCA3 /* MokoLifeBLESDK.h */ = {isa = PBXFileReference; lastKnownFileType = sourcecode.c.h; path = MokoLifeBLESDK.h; sourceTree = "<group>"; };
		008B6E6E2466AEB1008FC199 /* clearButtonIcon@2x.png */ = {isa = PBXFileReference; lastKnownFileType = image.png; path = "clearButtonIcon@2x.png"; sourceTree = "<group>"; };
		008B6E6F2466AEB1008FC199 /* clearButtonIcon@3x.png */ = {isa = PBXFileReference; lastKnownFileType = image.png; path = "clearButtonIcon@3x.png"; sourceTree = "<group>"; };
		008B6E742466B570008FC199 /* MKAboutController.m */ = {isa = PBXFileReference; fileEncoding = 4; lastKnownFileType = sourcecode.c.objc; path = MKAboutController.m; sourceTree = "<group>"; };
		008B6E752466B570008FC199 /* MKAboutController.h */ = {isa = PBXFileReference; fileEncoding = 4; lastKnownFileType = sourcecode.c.h; path = MKAboutController.h; sourceTree = "<group>"; };
		008B6E772466B570008FC199 /* MKAboutCellModel.h */ = {isa = PBXFileReference; fileEncoding = 4; lastKnownFileType = sourcecode.c.h; path = MKAboutCellModel.h; sourceTree = "<group>"; };
		008B6E782466B570008FC199 /* MKAboutCellModel.m */ = {isa = PBXFileReference; fileEncoding = 4; lastKnownFileType = sourcecode.c.objc; path = MKAboutCellModel.m; sourceTree = "<group>"; };
		008B6E7A2466B570008FC199 /* MKAboutPageCell.h */ = {isa = PBXFileReference; fileEncoding = 4; lastKnownFileType = sourcecode.c.h; path = MKAboutPageCell.h; sourceTree = "<group>"; };
		008B6E7B2466B570008FC199 /* MKAboutPageCell.m */ = {isa = PBXFileReference; fileEncoding = 4; lastKnownFileType = sourcecode.c.objc; path = MKAboutPageCell.m; sourceTree = "<group>"; };
		14932A4AA7A59EC56DD8831B /* Pods_MKBLEMokoLife.framework */ = {isa = PBXFileReference; explicitFileType = wrapper.framework; includeInIndex = 0; path = Pods_MKBLEMokoLife.framework; sourceTree = BUILT_PRODUCTS_DIR; };
		3CFCFE1BA95D7AAB049B280D /* Pods-MKBLEMokoLife.debug.xcconfig */ = {isa = PBXFileReference; includeInIndex = 1; lastKnownFileType = text.xcconfig; name = "Pods-MKBLEMokoLife.debug.xcconfig"; path = "Target Support Files/Pods-MKBLEMokoLife/Pods-MKBLEMokoLife.debug.xcconfig"; sourceTree = "<group>"; };
		5E8BB548CDFF8C981DF6D602 /* Pods-MKBLEMokoLife.release.xcconfig */ = {isa = PBXFileReference; includeInIndex = 1; lastKnownFileType = text.xcconfig; name = "Pods-MKBLEMokoLife.release.xcconfig"; path = "Target Support Files/Pods-MKBLEMokoLife/Pods-MKBLEMokoLife.release.xcconfig"; sourceTree = "<group>"; };
/* End PBXFileReference section */

/* Begin PBXFrameworksBuildPhase section */
		006246C4244EFA8B00A73CA8 /* Frameworks */ = {
			isa = PBXFrameworksBuildPhase;
			buildActionMask = 2147483647;
			files = (
				F92751C2A69D4D44C7A1D722 /* Pods_MKBLEMokoLife.framework in Frameworks */,
			);
			runOnlyForDeploymentPostprocessing = 0;
		};
/* End PBXFrameworksBuildPhase section */

/* Begin PBXGroup section */
		0026B28624616E5E00791264 /* ScanPage */ = {
			isa = PBXGroup;
			children = (
				0026B28724616E5E00791264 /* Controller */,
				0026B28824616E5E00791264 /* Model */,
				0026B28924616E5E00791264 /* View */,
			);
			path = ScanPage;
			sourceTree = "<group>";
		};
		0026B28724616E5E00791264 /* Controller */ = {
			isa = PBXGroup;
			children = (
				0026B29024616E9C00791264 /* MKScanPageController.h */,
				0026B29124616E9C00791264 /* MKScanPageController.m */,
			);
			path = Controller;
			sourceTree = "<group>";
		};
		0026B28824616E5E00791264 /* Model */ = {
			isa = PBXGroup;
			children = (
				00520BB624626B76003BF540 /* MKLifeBLEDeviceModel+MKScanPage.h */,
				00520BB724626B76003BF540 /* MKLifeBLEDeviceModel+MKScanPage.m */,
				0056606B246FA5B6008A9574 /* MKConfigDeviceDateModel.h */,
				0056606C246FA5B6008A9574 /* MKConfigDeviceDateModel.m */,
			);
			path = Model;
			sourceTree = "<group>";
		};
		0026B28924616E5E00791264 /* View */ = {
			isa = PBXGroup;
			children = (
				0026B28A24616E5E00791264 /* MKScanSearchButton.h */,
				0026B28D24616E5E00791264 /* MKScanSearchButton.m */,
				0026B28C24616E5E00791264 /* MKScanSearchView.h */,
				0026B28B24616E5E00791264 /* MKScanSearchView.m */,
				00520BB924628C2A003BF540 /* MKScanPageCell.h */,
				00520BBA24628C2A003BF540 /* MKScanPageCell.m */,
			);
			path = View;
			sourceTree = "<group>";
		};
		00520BA424624ED3003BF540 /* Resources */ = {
			isa = PBXGroup;
			children = (
				00566076246FAAFC008A9574 /* firmware_select_fileIcon@2x.png */,
				00566075246FAAFC008A9574 /* firmware_select_fileIcon@3x.png */,
				005E4C44246D289700AB0705 /* haloRing@2x.png */,
				005E4C45246D289700AB0705 /* haloRing@3x.png */,
				0059BCEC246BCEB500E969AE /* modify */,
				0059BCE2246BA79900E969AE /* detailIcon@2x.png */,
				0059BCE3246BA79900E969AE /* detailIcon@3x.png */,
				0059BCD8246B9DBF00E969AE /* goto_next_button@2x.png */,
				0059BCD7246B9DBF00E969AE /* goto_next_button@3x.png */,
				005A54DD2468F8F100C8F1D1 /* tabBar */,
				005A54A22468DFBA00C8F1D1 /* aboutPage */,
				008B6E6E2466AEB1008FC199 /* clearButtonIcon@2x.png */,
				008B6E6F2466AEB1008FC199 /* clearButtonIcon@3x.png */,
				00520BA524624ED3003BF540 /* scanRefresh@2x.png */,
				00520BA624624ED3003BF540 /* scanRefresh@3x.png */,
				00520BA724624ED3003BF540 /* scanRightAboutIcon@3x.png */,
				00520BA824624ED3003BF540 /* scanRightAboutIcon@2x.png */,
			);
			path = Resources;
			sourceTree = "<group>";
		};
		0056606E246FA793008A9574 /* UpdateCheck */ = {
			isa = PBXGroup;
			children = (
				00566082246FAE86008A9574 /* Manager */,
				0056606F246FA793008A9574 /* Controller */,
				00566070246FA793008A9574 /* Model */,
				00566071246FA793008A9574 /* View */,
			);
			path = UpdateCheck;
			sourceTree = "<group>";
		};
		0056606F246FA793008A9574 /* Controller */ = {
			isa = PBXGroup;
			children = (
				0056607A246FAE71008A9574 /* MKUpdateController.h */,
				00566079246FAE71008A9574 /* MKUpdateController.m */,
				00566072246FA7A6008A9574 /* MKUpdateCheckController.h */,
				00566073246FA7A6008A9574 /* MKUpdateCheckController.m */,
			);
			path = Controller;
			sourceTree = "<group>";
		};
		00566070246FA793008A9574 /* Model */ = {
			isa = PBXGroup;
			children = (
				0056607E246FAE7D008A9574 /* MKDFUAdopter.h */,
				0056607C246FAE7D008A9574 /* MKDFUAdopter.m */,
				0056607F246FAE7D008A9574 /* MKDFUModel.h */,
				0056607D246FAE7D008A9574 /* MKDFUModel.m */,
			);
			path = Model;
			sourceTree = "<group>";
		};
		00566071246FA793008A9574 /* View */ = {
			isa = PBXGroup;
			children = (
			);
			path = View;
			sourceTree = "<group>";
		};
		00566082246FAE86008A9574 /* Manager */ = {
			isa = PBXGroup;
			children = (
				00566083246FAE86008A9574 /* MKFileManager.h */,
				00566084246FAE86008A9574 /* MKFileManager.m */,
			);
			path = Manager;
			sourceTree = "<group>";
		};
		0059BCDB246BA03F00E969AE /* DeviceInfo */ = {
			isa = PBXGroup;
			children = (
				0059BCDC246BA03F00E969AE /* Controller */,
				0059BCDD246BA03F00E969AE /* Model */,
				0059BCDE246BA03F00E969AE /* View */,
			);
			path = DeviceInfo;
			sourceTree = "<group>";
		};
		0059BCDC246BA03F00E969AE /* Controller */ = {
			isa = PBXGroup;
			children = (
				0059BCDF246BA05700E969AE /* MKDeviceInfoController.h */,
				0059BCE0246BA05700E969AE /* MKDeviceInfoController.m */,
			);
			path = Controller;
			sourceTree = "<group>";
		};
		0059BCDD246BA03F00E969AE /* Model */ = {
			isa = PBXGroup;
			children = (
			);
			path = Model;
			sourceTree = "<group>";
		};
		0059BCDE246BA03F00E969AE /* View */ = {
			isa = PBXGroup;
			children = (
			);
			path = View;
			sourceTree = "<group>";
		};
		0059BCEC246BCEB500E969AE /* modify */ = {
			isa = PBXGroup;
			children = (
				0059BCED246BCEB500E969AE /* modifyPowerOnSelectedIcon@3x.png */,
				0059BCEE246BCEB500E969AE /* modifyPowerOnSelectedIcon@2x.png */,
				0059BCEF246BCEB500E969AE /* modifyPowerOnUnselectedIcon@2x.png */,
				0059BCF0246BCEB500E969AE /* modifyPowerOnUnselectedIcon@3x.png */,
			);
			path = modify;
			sourceTree = "<group>";
		};
		005A54A22468DFBA00C8F1D1 /* aboutPage */ = {
			isa = PBXGroup;
			children = (
				005A54A32468DFBA00C8F1D1 /* about_telIcon@2x.png */,
				005A54A42468DFBA00C8F1D1 /* about_telIcon@3x.png */,
				005A54A52468DFBA00C8F1D1 /* about_shouceIcon@2x.png */,
				005A54A62468DFBA00C8F1D1 /* about_addIcon@3x.png */,
				005A54A72468DFBA00C8F1D1 /* about_addIcon@2x.png */,
				005A54A82468DFBA00C8F1D1 /* about_shouceIcon@3x.png */,
				005A54A92468DFBA00C8F1D1 /* aboutIcon@2x.png */,
				005A54AA2468DFBA00C8F1D1 /* about_faxIcon@2x.png */,
				005A54AB2468DFBA00C8F1D1 /* about_faxIcon@3x.png */,
				005A54AC2468DFBA00C8F1D1 /* aboutIcon@3x.png */,
			);
			path = aboutPage;
			sourceTree = "<group>";
		};
		005A54BD2468EFB400C8F1D1 /* PowerPage */ = {
			isa = PBXGroup;
			children = (
				005A54BE2468EFB400C8F1D1 /* Controller */,
				005A54BF2468EFB400C8F1D1 /* Model */,
				005A54C02468EFB400C8F1D1 /* View */,
			);
			path = PowerPage;
			sourceTree = "<group>";
		};
		005A54BE2468EFB400C8F1D1 /* Controller */ = {
			isa = PBXGroup;
			children = (
				005A54CE2468F0DA00C8F1D1 /* MKPowerController.h */,
				005A54CF2468F0DA00C8F1D1 /* MKPowerController.m */,
			);
			path = Controller;
			sourceTree = "<group>";
		};
		005A54BF2468EFB400C8F1D1 /* Model */ = {
			isa = PBXGroup;
			children = (
			);
			path = Model;
			sourceTree = "<group>";
		};
		005A54C02468EFB400C8F1D1 /* View */ = {
			isa = PBXGroup;
			children = (
			);
			path = View;
			sourceTree = "<group>";
		};
		005A54C12468EFB400C8F1D1 /* EnergyPage */ = {
			isa = PBXGroup;
			children = (
				005A54C22468EFB400C8F1D1 /* Controller */,
				005A54C32468EFB400C8F1D1 /* Model */,
				005A54C42468EFB400C8F1D1 /* View */,
			);
			path = EnergyPage;
			sourceTree = "<group>";
		};
		005A54C22468EFB400C8F1D1 /* Controller */ = {
			isa = PBXGroup;
			children = (
				005A54D12468F16F00C8F1D1 /* MKEnergyController.h */,
				005A54D22468F16F00C8F1D1 /* MKEnergyController.m */,
			);
			path = Controller;
			sourceTree = "<group>";
		};
		005A54C32468EFB400C8F1D1 /* Model */ = {
			isa = PBXGroup;
			children = (
				005E2596246E69D200243F07 /* MKEnergyValueCellModel.h */,
				005E2597246E69D200243F07 /* MKEnergyValueCellModel.m */,
				005E2599246E6FFD00243F07 /* MKEnergyDataModel.h */,
				005E259A246E6FFD00243F07 /* MKEnergyDataModel.m */,
			);
			path = Model;
			sourceTree = "<group>";
		};
		005A54C42468EFB400C8F1D1 /* View */ = {
			isa = PBXGroup;
			children = (
				005E258A246E31C300243F07 /* MKEnergyTableHeaderView.h */,
				005E258B246E31C300243F07 /* MKEnergyTableHeaderView.m */,
				005E258D246E3B5400243F07 /* MKEnergyDailyTableView.h */,
				005E258E246E3B5400243F07 /* MKEnergyDailyTableView.m */,
				005E2590246E3B6E00243F07 /* MKEnergyMonthlyTableView.h */,
				005E2591246E3B6E00243F07 /* MKEnergyMonthlyTableView.m */,
				005E2593246E47A100243F07 /* MKEnergyValueCell.h */,
				005E2594246E47A100243F07 /* MKEnergyValueCell.m */,
			);
			path = View;
			sourceTree = "<group>";
		};
		005A54C52468EFB400C8F1D1 /* Setting */ = {
			isa = PBXGroup;
			children = (
				005A54C62468EFB400C8F1D1 /* Controller */,
				005A54C72468EFB400C8F1D1 /* Model */,
				005A54C82468EFB400C8F1D1 /* View */,
			);
			path = Setting;
			sourceTree = "<group>";
		};
		005A54C62468EFB400C8F1D1 /* Controller */ = {
			isa = PBXGroup;
			children = (
				005A54D42468F1AF00C8F1D1 /* MKSettingController.h */,
				005A54D52468F1AF00C8F1D1 /* MKSettingController.m */,
				0059BCE6246BC52500E969AE /* MKModifyNormalDatasController.h */,
				0059BCE7246BC52500E969AE /* MKModifyNormalDatasController.m */,
				0059BCE9246BCDB300E969AE /* MKModifyPowerStatusController.h */,
				0059BCEA246BCDB300E969AE /* MKModifyPowerStatusController.m */,
			);
			path = Controller;
			sourceTree = "<group>";
		};
		005A54C72468EFB400C8F1D1 /* Model */ = {
			isa = PBXGroup;
			children = (
				0059BCD1246B91E900E969AE /* MKSettingPageCellModel.h */,
				0059BCD2246B91E900E969AE /* MKSettingPageCellModel.m */,
				0059BCF8246BD44B00E969AE /* MKModifyPowerStatusCellModel.h */,
				0059BCF9246BD44B00E969AE /* MKModifyPowerStatusCellModel.m */,
				0059BCFB246BDD7B00E969AE /* MKSettingDatasModel.h */,
				0059BCFC246BDD7B00E969AE /* MKSettingDatasModel.m */,
			);
			path = Model;
			sourceTree = "<group>";
		};
		005A54C82468EFB400C8F1D1 /* View */ = {
			isa = PBXGroup;
			children = (
				0059BCCE246B85BE00E969AE /* MKSettingPageCell.h */,
				0059BCCF246B85BE00E969AE /* MKSettingPageCell.m */,
				0059BCD4246B973A00E969AE /* MKSettingButtonCell.h */,
				0059BCD5246B973A00E969AE /* MKSettingButtonCell.m */,
				0059BCF5246BD25A00E969AE /* MKModifyPowerStatusCell.h */,
				0059BCF6246BD25A00E969AE /* MKModifyPowerStatusCell.m */,
			);
			path = View;
			sourceTree = "<group>";
		};
		005A54C92468EFB400C8F1D1 /* TabBar */ = {
			isa = PBXGroup;
			children = (
				005A54DA2468F2F400C8F1D1 /* MKTabBarController.h */,
				005A54DB2468F2F400C8F1D1 /* MKTabBarController.m */,
			);
			path = TabBar;
			sourceTree = "<group>";
		};
		005A54CA2468EFB400C8F1D1 /* TimerPage */ = {
			isa = PBXGroup;
			children = (
				005A54CB2468EFB400C8F1D1 /* Controller */,
				005A54CC2468EFB400C8F1D1 /* Model */,
				005A54CD2468EFB400C8F1D1 /* View */,
			);
			path = TimerPage;
			sourceTree = "<group>";
		};
		005A54CB2468EFB400C8F1D1 /* Controller */ = {
			isa = PBXGroup;
			children = (
				005A54D72468F22C00C8F1D1 /* MKTimerController.h */,
				005A54D82468F22C00C8F1D1 /* MKTimerController.m */,
			);
			path = Controller;
			sourceTree = "<group>";
		};
		005A54CC2468EFB400C8F1D1 /* Model */ = {
			isa = PBXGroup;
			children = (
			);
			path = Model;
			sourceTree = "<group>";
		};
		005A54CD2468EFB400C8F1D1 /* View */ = {
			isa = PBXGroup;
			children = (
				005E4C4B246D3A8700AB0705 /* MKConfigDeviceTimePickerView.h */,
				005E4C4C246D3A8700AB0705 /* MKConfigDeviceTimePickerView.m */,
				005E4C41246CF11200AB0705 /* MKTimerCircleView.h */,
				005E4C42246CF11200AB0705 /* MKTimerCircleView.m */,
			);
			path = View;
			sourceTree = "<group>";
		};
		005A54DD2468F8F100C8F1D1 /* tabBar */ = {
			isa = PBXGroup;
			children = (
				005A54DE2468F8F100C8F1D1 /* settingTabBarItemUnselected@2x.png */,
				005A54DF2468F8F100C8F1D1 /* settingTabBarItemUnselected@3x.png */,
				005A54E02468F8F100C8F1D1 /* powerTabBarItemUnselected@2x.png */,
				005A54E12468F8F100C8F1D1 /* powerTabBarItemUnselected@3x.png */,
				005A54E22468F8F100C8F1D1 /* energyTabBarItemUnselected@2x.png */,
				005A54E32468F8F100C8F1D1 /* powerTabBarItemSelected@3x.png */,
				005A54E42468F8F100C8F1D1 /* timerTabBarItemSelected@2x.png */,
				005A54E52468F8F100C8F1D1 /* energyTabBarItemSelected@2x.png */,
				005A54E62468F8F100C8F1D1 /* settingTabBarItemSelected@2x.png */,
				005A54E72468F8F100C8F1D1 /* settingTabBarItemSelected@3x.png */,
				005A54E82468F8F100C8F1D1 /* energyTabBarItemSelected@3x.png */,
				005A54E92468F8F100C8F1D1 /* timerTabBarItemSelected@3x.png */,
				005A54EA2468F8F100C8F1D1 /* powerTabBarItemSelected@2x.png */,
				005A54EB2468F8F100C8F1D1 /* energyTabBarItemUnselected@3x.png */,
				005A54EC2468F8F100C8F1D1 /* timerTabBarItemUnselected@2x.png */,
				005A54ED2468F8F100C8F1D1 /* timerTabBarItemUnselected@3x.png */,
			);
			path = tabBar;
			sourceTree = "<group>";
		};
		005A54FE246904ED00C8F1D1 /* MKPowerCircleView */ = {
			isa = PBXGroup;
			children = (
				005A54FF246923F800C8F1D1 /* MKPowerCircleView.h */,
				005A5500246923F800C8F1D1 /* MKPowerCircleView.m */,
			);
			path = MKPowerCircleView;
			sourceTree = "<group>";
		};
		006246BE244EFA8B00A73CA8 = {
			isa = PBXGroup;
			children = (
				006246C9244EFA8B00A73CA8 /* MKBLEMokoLife */,
				006246C8244EFA8B00A73CA8 /* Products */,
				5AB6DEFE3DBA2E9A80B2A607 /* Pods */,
				B1C2BF13A48682999470C26B /* Frameworks */,
			);
			sourceTree = "<group>";
		};
		006246C8244EFA8B00A73CA8 /* Products */ = {
			isa = PBXGroup;
			children = (
				006246C7244EFA8B00A73CA8 /* MokoPlug.app */,
			);
			name = Products;
			sourceTree = "<group>";
		};
		006246C9244EFA8B00A73CA8 /* MKBLEMokoLife */ = {
			isa = PBXGroup;
			children = (
				00633C272461645F00D4BCA3 /* Expand */,
				00633C3D2461645F00D4BCA3 /* Functions */,
				00633C3E2461645F00D4BCA3 /* SDK */,
				006246CA244EFA8B00A73CA8 /* AppDelegate.h */,
				006246CB244EFA8B00A73CA8 /* AppDelegate.m */,
				006246D6244EFA8D00A73CA8 /* Assets.xcassets */,
				00520BA424624ED3003BF540 /* Resources */,
				006246D8244EFA8D00A73CA8 /* LaunchScreen.storyboard */,
				006246DB244EFA8D00A73CA8 /* Info.plist */,
				006246DC244EFA8D00A73CA8 /* main.m */,
				006246E3244EFBB300A73CA8 /* PrefixHeader.pch */,
			);
			path = MKBLEMokoLife;
			sourceTree = "<group>";
		};
		00633C272461645F00D4BCA3 /* Expand */ = {
			isa = PBXGroup;
			children = (
				00633C282461645F00D4BCA3 /* tools */,
				00633C352461645F00D4BCA3 /* defines */,
				00633C372461645F00D4BCA3 /* base */,
			);
			path = Expand;
			sourceTree = "<group>";
		};
		00633C282461645F00D4BCA3 /* tools */ = {
			isa = PBXGroup;
			children = (
				005A54FE246904ED00C8F1D1 /* MKPowerCircleView */,
				00633C292461645F00D4BCA3 /* MKPickerView */,
				00633C2C2461645F00D4BCA3 /* MKSlider */,
			);
			path = tools;
			sourceTree = "<group>";
		};
		00633C292461645F00D4BCA3 /* MKPickerView */ = {
			isa = PBXGroup;
			children = (
				00633C2B2461645F00D4BCA3 /* MKSlotConfigPickView.h */,
				00633C2A2461645F00D4BCA3 /* MKSlotConfigPickView.m */,
			);
			path = MKPickerView;
			sourceTree = "<group>";
		};
		00633C2C2461645F00D4BCA3 /* MKSlider */ = {
			isa = PBXGroup;
			children = (
				00633C342461645F00D4BCA3 /* MKSlider.h */,
				00633C312461645F00D4BCA3 /* MKSlider.m */,
				00633C2D2461645F00D4BCA3 /* sliderMaximumTrackImage@3x.png */,
				00633C2E2461645F00D4BCA3 /* sliderThumbIcon@3x.png */,
				00633C2F2461645F00D4BCA3 /* sliderThumbIcon@2x.png */,
				00633C302461645F00D4BCA3 /* sliderMaximumTrackImage@2x.png */,
				00633C322461645F00D4BCA3 /* sliderMinimumTrackIcon@2x.png */,
				00633C332461645F00D4BCA3 /* sliderMinimumTrackIcon@3x.png */,
			);
			path = MKSlider;
			sourceTree = "<group>";
		};
		00633C352461645F00D4BCA3 /* defines */ = {
			isa = PBXGroup;
			children = (
				00633C362461645F00D4BCA3 /* MKNormalDefines.h */,
			);
			path = defines;
			sourceTree = "<group>";
		};
		00633C372461645F00D4BCA3 /* base */ = {
			isa = PBXGroup;
			children = (
				00633C382461645F00D4BCA3 /* cell */,
			);
			path = base;
			sourceTree = "<group>";
		};
		00633C382461645F00D4BCA3 /* cell */ = {
			isa = PBXGroup;
			children = (
				00633C3C2461645F00D4BCA3 /* MKBaseCell.h */,
				00633C3A2461645F00D4BCA3 /* MKBaseCell.m */,
				00633C3B2461645F00D4BCA3 /* MKContactTrackerTextCell.h */,
				00633C392461645F00D4BCA3 /* MKContactTrackerTextCell.m */,
			);
			path = cell;
			sourceTree = "<group>";
		};
		00633C3D2461645F00D4BCA3 /* Functions */ = {
			isa = PBXGroup;
			children = (
				0056606E246FA793008A9574 /* UpdateCheck */,
				0059BCDB246BA03F00E969AE /* DeviceInfo */,
				005A54C12468EFB400C8F1D1 /* EnergyPage */,
				005A54BD2468EFB400C8F1D1 /* PowerPage */,
				005A54C52468EFB400C8F1D1 /* Setting */,
				005A54C92468EFB400C8F1D1 /* TabBar */,
				005A54CA2468EFB400C8F1D1 /* TimerPage */,
				008B6E722466B570008FC199 /* About */,
				0026B28624616E5E00791264 /* ScanPage */,
			);
			path = Functions;
			sourceTree = "<group>";
		};
		00633C3E2461645F00D4BCA3 /* SDK */ = {
			isa = PBXGroup;
			children = (
				00633C4C2461654400D4BCA3 /* MokoLifeBLESDK.h */,
				00633C49246164B600D4BCA3 /* MKLifeBLECentralManager.h */,
				00633C4A246164B600D4BCA3 /* MKLifeBLECentralManager.m */,
				00520BAD246254ED003BF540 /* MKLifeBLEDeviceModel.h */,
				00520BAE246254ED003BF540 /* MKLifeBLEDeviceModel.m */,
				00520BB02462607B003BF540 /* MKLifeBLEAdopter.h */,
				00520BB12462607B003BF540 /* MKLifeBLEAdopter.m */,
				005A54B72468E90900C8F1D1 /* MKLifeBLEPeripheral.h */,
				005A54B82468E90900C8F1D1 /* MKLifeBLEPeripheral.m */,
				005A54BA2468EA5200C8F1D1 /* CBPeripheral+MKLifeBLEAdd.h */,
				005A54BB2468EA5200C8F1D1 /* CBPeripheral+MKLifeBLEAdd.m */,
				005A55022469512A00C8F1D1 /* MKLifeBLEInterface.h */,
				005A55032469512A00C8F1D1 /* MKLifeBLEInterface.m */,
				005A55052469513A00C8F1D1 /* MKLifeBLEInterface+MKConfig.h */,
				005A55062469513A00C8F1D1 /* MKLifeBLEInterface+MKConfig.m */,
				005A55082469524000C8F1D1 /* MKLifeBLEOperationID.h */,
				005A55092469527100C8F1D1 /* MKLifeBLEOperation.h */,
				005A550A2469527100C8F1D1 /* MKLifeBLEOperation.m */,
				005A550C246952D100C8F1D1 /* MKLifeBLEOperationAdopter.h */,
				005A550D246952D100C8F1D1 /* MKLifeBLEOperationAdopter.m */,
			);
			path = SDK;
			sourceTree = "<group>";
		};
		008B6E722466B570008FC199 /* About */ = {
			isa = PBXGroup;
			children = (
				008B6E732466B570008FC199 /* Controller */,
				008B6E762466B570008FC199 /* Model */,
				008B6E792466B570008FC199 /* View */,
			);
			path = About;
			sourceTree = "<group>";
		};
		008B6E732466B570008FC199 /* Controller */ = {
			isa = PBXGroup;
			children = (
				008B6E752466B570008FC199 /* MKAboutController.h */,
				008B6E742466B570008FC199 /* MKAboutController.m */,
			);
			path = Controller;
			sourceTree = "<group>";
		};
		008B6E762466B570008FC199 /* Model */ = {
			isa = PBXGroup;
			children = (
				008B6E772466B570008FC199 /* MKAboutCellModel.h */,
				008B6E782466B570008FC199 /* MKAboutCellModel.m */,
			);
			path = Model;
			sourceTree = "<group>";
		};
		008B6E792466B570008FC199 /* View */ = {
			isa = PBXGroup;
			children = (
				008B6E7A2466B570008FC199 /* MKAboutPageCell.h */,
				008B6E7B2466B570008FC199 /* MKAboutPageCell.m */,
			);
			path = View;
			sourceTree = "<group>";
		};
		5AB6DEFE3DBA2E9A80B2A607 /* Pods */ = {
			isa = PBXGroup;
			children = (
				3CFCFE1BA95D7AAB049B280D /* Pods-MKBLEMokoLife.debug.xcconfig */,
				5E8BB548CDFF8C981DF6D602 /* Pods-MKBLEMokoLife.release.xcconfig */,
			);
			path = Pods;
			sourceTree = "<group>";
		};
		B1C2BF13A48682999470C26B /* Frameworks */ = {
			isa = PBXGroup;
			children = (
				14932A4AA7A59EC56DD8831B /* Pods_MKBLEMokoLife.framework */,
			);
			name = Frameworks;
			sourceTree = "<group>";
		};
/* End PBXGroup section */

/* Begin PBXNativeTarget section */
		006246C6244EFA8B00A73CA8 /* MKBLEMokoLife */ = {
			isa = PBXNativeTarget;
			buildConfigurationList = 006246E0244EFA8D00A73CA8 /* Build configuration list for PBXNativeTarget "MKBLEMokoLife" */;
			buildPhases = (
				A6EE7178F9B3F9CCD7DF3A58 /* [CP] Check Pods Manifest.lock */,
				006246C3244EFA8B00A73CA8 /* Sources */,
				006246C4244EFA8B00A73CA8 /* Frameworks */,
				006246C5244EFA8B00A73CA8 /* Resources */,
				760BA329E84B08E7FCA09D87 /* [CP] Embed Pods Frameworks */,
			);
			buildRules = (
			);
			dependencies = (
			);
			name = MKBLEMokoLife;
			productName = MKBLEMokoLife;
			productReference = 006246C7244EFA8B00A73CA8 /* MokoPlug.app */;
			productType = "com.apple.product-type.application";
		};
/* End PBXNativeTarget section */

/* Begin PBXProject section */
		006246BF244EFA8B00A73CA8 /* Project object */ = {
			isa = PBXProject;
			attributes = {
				CLASSPREFIX = MK;
				LastUpgradeCheck = 1110;
				ORGANIZATIONNAME = MK;
				TargetAttributes = {
					006246C6244EFA8B00A73CA8 = {
						CreatedOnToolsVersion = 11.1;
					};
				};
			};
			buildConfigurationList = 006246C2244EFA8B00A73CA8 /* Build configuration list for PBXProject "MKBLEMokoLife" */;
			compatibilityVersion = "Xcode 9.3";
			developmentRegion = en;
			hasScannedForEncodings = 0;
			knownRegions = (
				en,
				Base,
			);
			mainGroup = 006246BE244EFA8B00A73CA8;
			productRefGroup = 006246C8244EFA8B00A73CA8 /* Products */;
			projectDirPath = "";
			projectRoot = "";
			targets = (
				006246C6244EFA8B00A73CA8 /* MKBLEMokoLife */,
			);
		};
/* End PBXProject section */

/* Begin PBXResourcesBuildPhase section */
		006246C5244EFA8B00A73CA8 /* Resources */ = {
			isa = PBXResourcesBuildPhase;
			buildActionMask = 2147483647;
			files = (
				00566078246FAAFC008A9574 /* firmware_select_fileIcon@2x.png in Resources */,
				00633C462461645F00D4BCA3 /* sliderMinimumTrackIcon@3x.png in Resources */,
				005A54F22468F8F100C8F1D1 /* energyTabBarItemUnselected@2x.png in Resources */,
				00633C452461645F00D4BCA3 /* sliderMinimumTrackIcon@2x.png in Resources */,
				005A54B52468DFBA00C8F1D1 /* about_faxIcon@3x.png in Resources */,
				0059BCF2246BCEB500E969AE /* modifyPowerOnSelectedIcon@2x.png in Resources */,
				00633C432461645F00D4BCA3 /* sliderMaximumTrackImage@2x.png in Resources */,
				005A54F12468F8F100C8F1D1 /* powerTabBarItemUnselected@3x.png in Resources */,
				005A54B22468DFBA00C8F1D1 /* about_shouceIcon@3x.png in Resources */,
				00633C422461645F00D4BCA3 /* sliderThumbIcon@2x.png in Resources */,
				005A54AD2468DFBA00C8F1D1 /* about_telIcon@2x.png in Resources */,
				005A54F32468F8F100C8F1D1 /* powerTabBarItemSelected@3x.png in Resources */,
				005A54F52468F8F100C8F1D1 /* energyTabBarItemSelected@2x.png in Resources */,
				00520BAA24624ED3003BF540 /* scanRefresh@3x.png in Resources */,
				00520BAB24624ED3003BF540 /* scanRightAboutIcon@3x.png in Resources */,
				00520BA924624ED3003BF540 /* scanRefresh@2x.png in Resources */,
				0059BCF3246BCEB500E969AE /* modifyPowerOnUnselectedIcon@2x.png in Resources */,
				005A54B02468DFBA00C8F1D1 /* about_addIcon@3x.png in Resources */,
				00633C412461645F00D4BCA3 /* sliderThumbIcon@3x.png in Resources */,
				0059BCDA246B9DBF00E969AE /* goto_next_button@2x.png in Resources */,
				00566077246FAAFC008A9574 /* firmware_select_fileIcon@3x.png in Resources */,
				006246DA244EFA8D00A73CA8 /* LaunchScreen.storyboard in Resources */,
				005A54F82468F8F100C8F1D1 /* energyTabBarItemSelected@3x.png in Resources */,
				005E4C47246D289800AB0705 /* haloRing@3x.png in Resources */,
				005A54AF2468DFBA00C8F1D1 /* about_shouceIcon@2x.png in Resources */,
				005A54B42468DFBA00C8F1D1 /* about_faxIcon@2x.png in Resources */,
				005E4C46246D289800AB0705 /* haloRing@2x.png in Resources */,
				005A54FD2468F8F100C8F1D1 /* timerTabBarItemUnselected@3x.png in Resources */,
				005A54F62468F8F100C8F1D1 /* settingTabBarItemSelected@2x.png in Resources */,
				005A54AE2468DFBA00C8F1D1 /* about_telIcon@3x.png in Resources */,
				005A54F02468F8F100C8F1D1 /* powerTabBarItemUnselected@2x.png in Resources */,
				00520BAC24624ED3003BF540 /* scanRightAboutIcon@2x.png in Resources */,
				006246D7244EFA8D00A73CA8 /* Assets.xcassets in Resources */,
				005A54F92468F8F100C8F1D1 /* timerTabBarItemSelected@3x.png in Resources */,
				005A54FB2468F8F100C8F1D1 /* energyTabBarItemUnselected@3x.png in Resources */,
				005A54B62468DFBA00C8F1D1 /* aboutIcon@3x.png in Resources */,
				008B6E702466AEB1008FC199 /* clearButtonIcon@2x.png in Resources */,
				005A54FC2468F8F100C8F1D1 /* timerTabBarItemUnselected@2x.png in Resources */,
				0059BCF1246BCEB500E969AE /* modifyPowerOnSelectedIcon@3x.png in Resources */,
				0059BCF4246BCEB500E969AE /* modifyPowerOnUnselectedIcon@3x.png in Resources */,
				008B6E712466AEB1008FC199 /* clearButtonIcon@3x.png in Resources */,
				005A54B32468DFBA00C8F1D1 /* aboutIcon@2x.png in Resources */,
				005A54EE2468F8F100C8F1D1 /* settingTabBarItemUnselected@2x.png in Resources */,
				005A54F42468F8F100C8F1D1 /* timerTabBarItemSelected@2x.png in Resources */,
				005A54EF2468F8F100C8F1D1 /* settingTabBarItemUnselected@3x.png in Resources */,
				005A54B12468DFBA00C8F1D1 /* about_addIcon@2x.png in Resources */,
				005A54FA2468F8F100C8F1D1 /* powerTabBarItemSelected@2x.png in Resources */,
				0059BCE5246BA79900E969AE /* detailIcon@3x.png in Resources */,
				005A54F72468F8F100C8F1D1 /* settingTabBarItemSelected@3x.png in Resources */,
				0059BCE4246BA79900E969AE /* detailIcon@2x.png in Resources */,
				0059BCD9246B9DBF00E969AE /* goto_next_button@3x.png in Resources */,
				00633C402461645F00D4BCA3 /* sliderMaximumTrackImage@3x.png in Resources */,
			);
			runOnlyForDeploymentPostprocessing = 0;
		};
/* End PBXResourcesBuildPhase section */

/* Begin PBXShellScriptBuildPhase section */
		760BA329E84B08E7FCA09D87 /* [CP] Embed Pods Frameworks */ = {
			isa = PBXShellScriptBuildPhase;
			buildActionMask = 2147483647;
			files = (
			);
			inputFileListPaths = (
				"${PODS_ROOT}/Target Support Files/Pods-MKBLEMokoLife/Pods-MKBLEMokoLife-frameworks-${CONFIGURATION}-input-files.xcfilelist",
			);
			name = "[CP] Embed Pods Frameworks";
			outputFileListPaths = (
				"${PODS_ROOT}/Target Support Files/Pods-MKBLEMokoLife/Pods-MKBLEMokoLife-frameworks-${CONFIGURATION}-output-files.xcfilelist",
			);
			runOnlyForDeploymentPostprocessing = 0;
			shellPath = /bin/sh;
			shellScript = "\"${PODS_ROOT}/Target Support Files/Pods-MKBLEMokoLife/Pods-MKBLEMokoLife-frameworks.sh\"\n";
			showEnvVarsInLog = 0;
		};
		A6EE7178F9B3F9CCD7DF3A58 /* [CP] Check Pods Manifest.lock */ = {
			isa = PBXShellScriptBuildPhase;
			buildActionMask = 2147483647;
			files = (
			);
			inputFileListPaths = (
			);
			inputPaths = (
				"${PODS_PODFILE_DIR_PATH}/Podfile.lock",
				"${PODS_ROOT}/Manifest.lock",
			);
			name = "[CP] Check Pods Manifest.lock";
			outputFileListPaths = (
			);
			outputPaths = (
				"$(DERIVED_FILE_DIR)/Pods-MKBLEMokoLife-checkManifestLockResult.txt",
			);
			runOnlyForDeploymentPostprocessing = 0;
			shellPath = /bin/sh;
			shellScript = "diff \"${PODS_PODFILE_DIR_PATH}/Podfile.lock\" \"${PODS_ROOT}/Manifest.lock\" > /dev/null\nif [ $? != 0 ] ; then\n    # print error to STDERR\n    echo \"error: The sandbox is not in sync with the Podfile.lock. Run 'pod install' or update your CocoaPods installation.\" >&2\n    exit 1\nfi\n# This output is used by Xcode 'outputs' to avoid re-running this script phase.\necho \"SUCCESS\" > \"${SCRIPT_OUTPUT_FILE_0}\"\n";
			showEnvVarsInLog = 0;
		};
/* End PBXShellScriptBuildPhase section */

/* Begin PBXSourcesBuildPhase section */
		006246C3244EFA8B00A73CA8 /* Sources */ = {
			isa = PBXSourcesBuildPhase;
			buildActionMask = 2147483647;
			files = (
				0059BCEB246BCDB300E969AE /* MKModifyPowerStatusController.m in Sources */,
				005E259B246E6FFD00243F07 /* MKEnergyDataModel.m in Sources */,
				0056607B246FAE71008A9574 /* MKUpdateController.m in Sources */,
				005A550E246952D100C8F1D1 /* MKLifeBLEOperationAdopter.m in Sources */,
				005A54D32468F16F00C8F1D1 /* MKEnergyController.m in Sources */,
				0059BCD6246B973A00E969AE /* MKSettingButtonCell.m in Sources */,
				005A54D02468F0DA00C8F1D1 /* MKPowerController.m in Sources */,
				00633C482461645F00D4BCA3 /* MKBaseCell.m in Sources */,
				005A550B2469527100C8F1D1 /* MKLifeBLEOperation.m in Sources */,
				0056606D246FA5B6008A9574 /* MKConfigDeviceDateModel.m in Sources */,
				0059BCD0246B85BE00E969AE /* MKSettingPageCell.m in Sources */,
				0059BCD3246B91E900E969AE /* MKSettingPageCellModel.m in Sources */,
				005E2595246E47A100243F07 /* MKEnergyValueCell.m in Sources */,
				008B6E7D2466B570008FC199 /* MKAboutCellModel.m in Sources */,
				00520BBB24628C2A003BF540 /* MKScanPageCell.m in Sources */,
				00566080246FAE7D008A9574 /* MKDFUAdopter.m in Sources */,
				005A54D92468F22C00C8F1D1 /* MKTimerController.m in Sources */,
				00566085246FAE86008A9574 /* MKFileManager.m in Sources */,
				00520BAF246254ED003BF540 /* MKLifeBLEDeviceModel.m in Sources */,
				00566081246FAE7D008A9574 /* MKDFUModel.m in Sources */,
				0059BCE1246BA05700E969AE /* MKDeviceInfoController.m in Sources */,
				00566074246FA7A6008A9574 /* MKUpdateCheckController.m in Sources */,
				0059BCFD246BDD7B00E969AE /* MKSettingDatasModel.m in Sources */,
				005E4C4D246D3A8700AB0705 /* MKConfigDeviceTimePickerView.m in Sources */,
				0026B29224616E9C00791264 /* MKScanPageController.m in Sources */,
				008B6E7C2466B570008FC199 /* MKAboutController.m in Sources */,
				00633C442461645F00D4BCA3 /* MKSlider.m in Sources */,
				005E258F246E3B5400243F07 /* MKEnergyDailyTableView.m in Sources */,
				005A54B92468E90900C8F1D1 /* MKLifeBLEPeripheral.m in Sources */,
				00633C472461645F00D4BCA3 /* MKContactTrackerTextCell.m in Sources */,
				005E2598246E69D200243F07 /* MKEnergyValueCellModel.m in Sources */,
				0026B28E24616E5E00791264 /* MKScanSearchView.m in Sources */,
				006246CC244EFA8B00A73CA8 /* AppDelegate.m in Sources */,
				0059BCE8246BC52500E969AE /* MKModifyNormalDatasController.m in Sources */,
				005A55072469513A00C8F1D1 /* MKLifeBLEInterface+MKConfig.m in Sources */,
				00633C4B246164B600D4BCA3 /* MKLifeBLECentralManager.m in Sources */,
				0059BCFA246BD44B00E969AE /* MKModifyPowerStatusCellModel.m in Sources */,
				005A5501246923F800C8F1D1 /* MKPowerCircleView.m in Sources */,
				00633C3F2461645F00D4BCA3 /* MKSlotConfigPickView.m in Sources */,
				006246DD244EFA8D00A73CA8 /* main.m in Sources */,
				005A54D62468F1AF00C8F1D1 /* MKSettingController.m in Sources */,
				005E258C246E31C300243F07 /* MKEnergyTableHeaderView.m in Sources */,
				005A55042469512A00C8F1D1 /* MKLifeBLEInterface.m in Sources */,
				0026B28F24616E5E00791264 /* MKScanSearchButton.m in Sources */,
				005A54BC2468EA5200C8F1D1 /* CBPeripheral+MKLifeBLEAdd.m in Sources */,
				00520BB824626B76003BF540 /* MKLifeBLEDeviceModel+MKScanPage.m in Sources */,
				008B6E7E2466B570008FC199 /* MKAboutPageCell.m in Sources */,
				0059BCF7246BD25A00E969AE /* MKModifyPowerStatusCell.m in Sources */,
				00520BB22462607B003BF540 /* MKLifeBLEAdopter.m in Sources */,
				005A54DC2468F2F400C8F1D1 /* MKTabBarController.m in Sources */,
				005E4C43246CF11200AB0705 /* MKTimerCircleView.m in Sources */,
				005E2592246E3B6E00243F07 /* MKEnergyMonthlyTableView.m in Sources */,
			);
			runOnlyForDeploymentPostprocessing = 0;
		};
/* End PBXSourcesBuildPhase section */

/* Begin PBXVariantGroup section */
		006246D8244EFA8D00A73CA8 /* LaunchScreen.storyboard */ = {
			isa = PBXVariantGroup;
			children = (
				006246D9244EFA8D00A73CA8 /* Base */,
			);
			name = LaunchScreen.storyboard;
			sourceTree = "<group>";
		};
/* End PBXVariantGroup section */

/* Begin XCBuildConfiguration section */
		006246DE244EFA8D00A73CA8 /* Debug */ = {
			isa = XCBuildConfiguration;
			buildSettings = {
				ALWAYS_SEARCH_USER_PATHS = NO;
				CLANG_ANALYZER_NONNULL = YES;
				CLANG_ANALYZER_NUMBER_OBJECT_CONVERSION = YES_AGGRESSIVE;
				CLANG_CXX_LANGUAGE_STANDARD = "gnu++14";
				CLANG_CXX_LIBRARY = "libc++";
				CLANG_ENABLE_MODULES = YES;
				CLANG_ENABLE_OBJC_ARC = YES;
				CLANG_ENABLE_OBJC_WEAK = YES;
				CLANG_WARN_BLOCK_CAPTURE_AUTORELEASING = YES;
				CLANG_WARN_BOOL_CONVERSION = YES;
				CLANG_WARN_COMMA = YES;
				CLANG_WARN_CONSTANT_CONVERSION = YES;
				CLANG_WARN_DEPRECATED_OBJC_IMPLEMENTATIONS = YES;
				CLANG_WARN_DIRECT_OBJC_ISA_USAGE = YES_ERROR;
				CLANG_WARN_DOCUMENTATION_COMMENTS = YES;
				CLANG_WARN_EMPTY_BODY = YES;
				CLANG_WARN_ENUM_CONVERSION = YES;
				CLANG_WARN_INFINITE_RECURSION = YES;
				CLANG_WARN_INT_CONVERSION = YES;
				CLANG_WARN_NON_LITERAL_NULL_CONVERSION = YES;
				CLANG_WARN_OBJC_IMPLICIT_RETAIN_SELF = YES;
				CLANG_WARN_OBJC_LITERAL_CONVERSION = YES;
				CLANG_WARN_OBJC_ROOT_CLASS = YES_ERROR;
				CLANG_WARN_RANGE_LOOP_ANALYSIS = YES;
				CLANG_WARN_STRICT_PROTOTYPES = YES;
				CLANG_WARN_SUSPICIOUS_MOVE = YES;
				CLANG_WARN_UNGUARDED_AVAILABILITY = YES_AGGRESSIVE;
				CLANG_WARN_UNREACHABLE_CODE = YES;
				CLANG_WARN__DUPLICATE_METHOD_MATCH = YES;
				COPY_PHASE_STRIP = NO;
				DEBUG_INFORMATION_FORMAT = dwarf;
				ENABLE_STRICT_OBJC_MSGSEND = YES;
				ENABLE_TESTABILITY = YES;
				GCC_C_LANGUAGE_STANDARD = gnu11;
				GCC_DYNAMIC_NO_PIC = NO;
				GCC_NO_COMMON_BLOCKS = YES;
				GCC_OPTIMIZATION_LEVEL = 0;
				GCC_PREPROCESSOR_DEFINITIONS = (
					"DEBUG=1",
					"$(inherited)",
				);
				GCC_WARN_64_TO_32_BIT_CONVERSION = YES;
				GCC_WARN_ABOUT_RETURN_TYPE = YES_ERROR;
				GCC_WARN_UNDECLARED_SELECTOR = YES;
				GCC_WARN_UNINITIALIZED_AUTOS = YES_AGGRESSIVE;
				GCC_WARN_UNUSED_FUNCTION = YES;
				GCC_WARN_UNUSED_VARIABLE = YES;
				IPHONEOS_DEPLOYMENT_TARGET = 13.1;
				MTL_ENABLE_DEBUG_INFO = INCLUDE_SOURCE;
				MTL_FAST_MATH = YES;
				ONLY_ACTIVE_ARCH = YES;
				SDKROOT = iphoneos;
			};
			name = Debug;
		};
		006246DF244EFA8D00A73CA8 /* Release */ = {
			isa = XCBuildConfiguration;
			buildSettings = {
				ALWAYS_SEARCH_USER_PATHS = NO;
				CLANG_ANALYZER_NONNULL = YES;
				CLANG_ANALYZER_NUMBER_OBJECT_CONVERSION = YES_AGGRESSIVE;
				CLANG_CXX_LANGUAGE_STANDARD = "gnu++14";
				CLANG_CXX_LIBRARY = "libc++";
				CLANG_ENABLE_MODULES = YES;
				CLANG_ENABLE_OBJC_ARC = YES;
				CLANG_ENABLE_OBJC_WEAK = YES;
				CLANG_WARN_BLOCK_CAPTURE_AUTORELEASING = YES;
				CLANG_WARN_BOOL_CONVERSION = YES;
				CLANG_WARN_COMMA = YES;
				CLANG_WARN_CONSTANT_CONVERSION = YES;
				CLANG_WARN_DEPRECATED_OBJC_IMPLEMENTATIONS = YES;
				CLANG_WARN_DIRECT_OBJC_ISA_USAGE = YES_ERROR;
				CLANG_WARN_DOCUMENTATION_COMMENTS = YES;
				CLANG_WARN_EMPTY_BODY = YES;
				CLANG_WARN_ENUM_CONVERSION = YES;
				CLANG_WARN_INFINITE_RECURSION = YES;
				CLANG_WARN_INT_CONVERSION = YES;
				CLANG_WARN_NON_LITERAL_NULL_CONVERSION = YES;
				CLANG_WARN_OBJC_IMPLICIT_RETAIN_SELF = YES;
				CLANG_WARN_OBJC_LITERAL_CONVERSION = YES;
				CLANG_WARN_OBJC_ROOT_CLASS = YES_ERROR;
				CLANG_WARN_RANGE_LOOP_ANALYSIS = YES;
				CLANG_WARN_STRICT_PROTOTYPES = YES;
				CLANG_WARN_SUSPICIOUS_MOVE = YES;
				CLANG_WARN_UNGUARDED_AVAILABILITY = YES_AGGRESSIVE;
				CLANG_WARN_UNREACHABLE_CODE = YES;
				CLANG_WARN__DUPLICATE_METHOD_MATCH = YES;
				COPY_PHASE_STRIP = NO;
				DEBUG_INFORMATION_FORMAT = "dwarf-with-dsym";
				ENABLE_NS_ASSERTIONS = NO;
				ENABLE_STRICT_OBJC_MSGSEND = YES;
				GCC_C_LANGUAGE_STANDARD = gnu11;
				GCC_NO_COMMON_BLOCKS = YES;
				GCC_WARN_64_TO_32_BIT_CONVERSION = YES;
				GCC_WARN_ABOUT_RETURN_TYPE = YES_ERROR;
				GCC_WARN_UNDECLARED_SELECTOR = YES;
				GCC_WARN_UNINITIALIZED_AUTOS = YES_AGGRESSIVE;
				GCC_WARN_UNUSED_FUNCTION = YES;
				GCC_WARN_UNUSED_VARIABLE = YES;
				IPHONEOS_DEPLOYMENT_TARGET = 13.1;
				MTL_ENABLE_DEBUG_INFO = NO;
				MTL_FAST_MATH = YES;
				SDKROOT = iphoneos;
				VALIDATE_PRODUCT = YES;
			};
			name = Release;
		};
		006246E1244EFA8D00A73CA8 /* Debug */ = {
			isa = XCBuildConfiguration;
			baseConfigurationReference = 3CFCFE1BA95D7AAB049B280D /* Pods-MKBLEMokoLife.debug.xcconfig */;
			buildSettings = {
				ALWAYS_EMBED_SWIFT_STANDARD_LIBRARIES = YES;
				ASSETCATALOG_COMPILER_APPICON_NAME = AppIcon;
				CODE_SIGN_STYLE = Automatic;
				CURRENT_PROJECT_VERSION = 2020042101;
				DEVELOPMENT_TEAM = R558LEUW2T;
				GCC_PREFIX_HEADER = "/Users/aa/Desktop/公司项目/MKBLEMokoLife/MKBLEMokoLife/PrefixHeader.pch";
				INFOPLIST_FILE = MKBLEMokoLife/Info.plist;
				IPHONEOS_DEPLOYMENT_TARGET = 9.0;
				LD_RUNPATH_SEARCH_PATHS = (
					"$(inherited)",
					"@executable_path/Frameworks",
				);
				MARKETING_VERSION = 1.0.0;
				PRODUCT_BUNDLE_IDENTIFIER = com.moko.MKBLEMokoLife;
				PRODUCT_NAME = MokoPlug;
				TARGETED_DEVICE_FAMILY = 1;
			};
			name = Debug;
		};
		006246E2244EFA8D00A73CA8 /* Release */ = {
			isa = XCBuildConfiguration;
			baseConfigurationReference = 5E8BB548CDFF8C981DF6D602 /* Pods-MKBLEMokoLife.release.xcconfig */;
			buildSettings = {
				ALWAYS_EMBED_SWIFT_STANDARD_LIBRARIES = YES;
				ASSETCATALOG_COMPILER_APPICON_NAME = AppIcon;
				CODE_SIGN_STYLE = Automatic;
				CURRENT_PROJECT_VERSION = 2020042101;
				DEVELOPMENT_TEAM = R558LEUW2T;
				GCC_PREFIX_HEADER = "/Users/aa/Desktop/公司项目/MKBLEMokoLife/MKBLEMokoLife/PrefixHeader.pch";
				INFOPLIST_FILE = MKBLEMokoLife/Info.plist;
				IPHONEOS_DEPLOYMENT_TARGET = 9.0;
				LD_RUNPATH_SEARCH_PATHS = (
					"$(inherited)",
					"@executable_path/Frameworks",
				);
				MARKETING_VERSION = 1.0.0;
				PRODUCT_BUNDLE_IDENTIFIER = com.moko.MKBLEMokoLife;
				PRODUCT_NAME = MokoPlug;
				TARGETED_DEVICE_FAMILY = 1;
			};
			name = Release;
		};
/* End XCBuildConfiguration section */

/* Begin XCConfigurationList section */
		006246C2244EFA8B00A73CA8 /* Build configuration list for PBXProject "MKBLEMokoLife" */ = {
			isa = XCConfigurationList;
			buildConfigurations = (
				006246DE244EFA8D00A73CA8 /* Debug */,
				006246DF244EFA8D00A73CA8 /* Release */,
			);
			defaultConfigurationIsVisible = 0;
			defaultConfigurationName = Release;
		};
		006246E0244EFA8D00A73CA8 /* Build configuration list for PBXNativeTarget "MKBLEMokoLife" */ = {
			isa = XCConfigurationList;
			buildConfigurations = (
				006246E1244EFA8D00A73CA8 /* Debug */,
				006246E2244EFA8D00A73CA8 /* Release */,
			);
			defaultConfigurationIsVisible = 0;
			defaultConfigurationName = Release;
		};
/* End XCConfigurationList section */
	};
	rootObject = 006246BF244EFA8B00A73CA8 /* Project object */;
}
